
Microsoft Visual Studio Solution File, Format Version 12.00
# Visual Studio 2012
Project("{8BC9CEB8-8B4A-11D0-8D11-00A0C91BC942}") = "Simple_IO", "Simple_IO.vcxproj", "{B3985149-1D57-4F0F-A6D0-F1BAB00172B8}"
EndProject
Global
	GlobalSection(SolutionConfigurationPlatforms) = preSolution
		URIVL_FreeImage|Win32 = URIVL_FreeImage|Win32
		URIVL_QuickTime|Win32 = URIVL_QuickTime|Win32
	EndGlobalSection
	GlobalSection(ProjectConfigurationPlatforms) = postSolution
		{B3985149-1D57-4F0F-A6D0-F1BAB00172B8}.URIVL_FreeImage|Win32.ActiveCfg = URIVL_FreeImage|Win32
		{B3985149-1D57-4F0F-A6D0-F1BAB00172B8}.URIVL_FreeImage|Win32.Build.0 = URIVL_FreeImage|Win32
		{B3985149-1D57-4F0F-A6D0-F1BAB00172B8}.URIVL_QuickTime|Win32.ActiveCfg = URIVL_QuickTime|Win32
		{B3985149-1D57-4F0F-A6D0-F1BAB00172B8}.URIVL_QuickTime|Win32.Build.0 = URIVL_QuickTime|Win32
	EndGlobalSection
	GlobalSection(SolutionProperties) = preSolution
		HideSolutionNode = FALSE
	EndGlobalSection
EndGlobal
