// !$*UTF8*$!
{
	archiveVersion = 1;
	classes = {
	};
	objectVersion = 46;
	objects = {

/* Begin PBXBuildFile section */
		165B99820AF97153004F8A31 /* GLUT.framework in Frameworks */ = {isa = PBXBuildFile; fileRef = 165B99810AF97153004F8A31 /* GLUT.framework */; };
		165B99860AF9715D004F8A31 /* OpenGL.framework in Frameworks */ = {isa = PBXBuildFile; fileRef = 165B99850AF9715D004F8A31 /* OpenGL.framework */; };
		165B998A0AF97165004F8A31 /* QuickTime.framework in Frameworks */ = {isa = PBXBuildFile; fileRef = 165B99890AF97165004F8A31 /* QuickTime.framework */; };
		1665B8870B8DA154005FE3EE /* DrawableObject2D.cpp in Sources */ = {isa = PBXBuildFile; fileRef = 1665B7AE0B8DA152005FE3EE /* DrawableObject2D.cpp */; };
		1665B8880B8DA154005FE3EE /* ErrorReport.cpp in Sources */ = {isa = PBXBuildFile; fileRef = 1665B7AF0B8DA152005FE3EE /* ErrorReport.cpp */; };
		1665B8890B8DA154005FE3EE /* GraphWorld.cpp in Sources */ = {isa = PBXBuildFile; fileRef = 1665B7B00B8DA152005FE3EE /* GraphWorld.cpp */; };
		1665B88D0B8DA154005FE3EE /* ImagePoint.cpp in Sources */ = {isa = PBXBuildFile; fileRef = 1665B7B40B8DA152005FE3EE /* ImagePoint.cpp */; };
		1665B88E0B8DA154005FE3EE /* ImagePoint_F.cpp in Sources */ = {isa = PBXBuildFile; fileRef = 1665B7B50B8DA152005FE3EE /* ImagePoint_F.cpp */; };
		1665B88F0B8DA154005FE3EE /* ImageRect.cpp in Sources */ = {isa = PBXBuildFile; fileRef = 1665B7B60B8DA152005FE3EE /* ImageRect.cpp */; };
		1665B8900B8DA154005FE3EE /* RasterImage.cpp in Sources */ = {isa = PBXBuildFile; fileRef = 1665B7B70B8DA152005FE3EE /* RasterImage.cpp */; };
		1665B8910B8DA154005FE3EE /* RasterImage_HSV.cpp in Sources */ = {isa = PBXBuildFile; fileRef = 1665B7B80B8DA152005FE3EE /* RasterImage_HSV.cpp */; };
		1665B8940B8DA154005FE3EE /* RasterImage_RGB.cpp in Sources */ = {isa = PBXBuildFile; fileRef = 1665B7BB0B8DA152005FE3EE /* RasterImage_RGB.cpp */; };
		1665B8950B8DA154005FE3EE /* RasterImage_RGBa.cpp in Sources */ = {isa = PBXBuildFile; fileRef = 1665B7BC0B8DA152005FE3EE /* RasterImage_RGBa.cpp */; };
		1665B8960B8DA154005FE3EE /* RasterImage_RGBa_F.cpp in Sources */ = {isa = PBXBuildFile; fileRef = 1665B7BD0B8DA152005FE3EE /* RasterImage_RGBa_F.cpp */; };
		1665B8980B8DA154005FE3EE /* RasterImage_binary.cpp in Sources */ = {isa = PBXBuildFile; fileRef = 1665B7BF0B8DA152005FE3EE /* RasterImage_binary.cpp */; };
		1665B8990B8DA154005FE3EE /* RasterImage_gray.cpp in Sources */ = {isa = PBXBuildFile; fileRef = 1665B7C00B8DA152005FE3EE /* RasterImage_gray.cpp */; };
		1665B89A0B8DA154005FE3EE /* RasterImage_gray_F.cpp in Sources */ = {isa = PBXBuildFile; fileRef = 1665B7C10B8DA152005FE3EE /* RasterImage_gray_F.cpp */; };
		1665B8F00B8DA154005FE3EE /* DepthMap.cpp in Sources */ = {isa = PBXBuildFile; fileRef = 1665B8190B8DA153005FE3EE /* DepthMap.cpp */; };
		1665B8F30B8DA154005FE3EE /* ElevationMap.cpp in Sources */ = {isa = PBXBuildFile; fileRef = 1665B81C0B8DA153005FE3EE /* ElevationMap.cpp */; };
		1665B8F40B8DA154005FE3EE /* Entity3D.cpp in Sources */ = {isa = PBXBuildFile; fileRef = 1665B81D0B8DA153005FE3EE /* Entity3D.cpp */; };
		1665B8FC0B8DA154005FE3EE /* Point3D.cpp in Sources */ = {isa = PBXBuildFile; fileRef = 1665B8250B8DA153005FE3EE /* Point3D.cpp */; };
		1665B8FD0B8DA154005FE3EE /* RangeMap.cpp in Sources */ = {isa = PBXBuildFile; fileRef = 1665B8260B8DA153005FE3EE /* RangeMap.cpp */; };
		1665B9550B8DA154005FE3EE /* ImageReader.cpp in Sources */ = {isa = PBXBuildFile; fileRef = 1665B8830B8DA154005FE3EE /* ImageReader.cpp */; };
		1665B9580B8DA154005FE3EE /* VideoSource.cpp in Sources */ = {isa = PBXBuildFile; fileRef = 1665B8860B8DA154005FE3EE /* VideoSource.cpp */; };
		1665B9590B8DA154005FE3EE /* DrawableObject2D.cpp in Sources */ = {isa = PBXBuildFile; fileRef = 1665B7AE0B8DA152005FE3EE /* DrawableObject2D.cpp */; };
		1665B95A0B8DA154005FE3EE /* ErrorReport.cpp in Sources */ = {isa = PBXBuildFile; fileRef = 1665B7AF0B8DA152005FE3EE /* ErrorReport.cpp */; };
		1665B95B0B8DA154005FE3EE /* GraphWorld.cpp in Sources */ = {isa = PBXBuildFile; fileRef = 1665B7B00B8DA152005FE3EE /* GraphWorld.cpp */; };
		1665B95F0B8DA154005FE3EE /* ImagePoint.cpp in Sources */ = {isa = PBXBuildFile; fileRef = 1665B7B40B8DA152005FE3EE /* ImagePoint.cpp */; };
		1665B9600B8DA154005FE3EE /* ImagePoint_F.cpp in Sources */ = {isa = PBXBuildFile; fileRef = 1665B7B50B8DA152005FE3EE /* ImagePoint_F.cpp */; };
		1665B9610B8DA154005FE3EE /* ImageRect.cpp in Sources */ = {isa = PBXBuildFile; fileRef = 1665B7B60B8DA152005FE3EE /* ImageRect.cpp */; };
		1665B9620B8DA154005FE3EE /* RasterImage.cpp in Sources */ = {isa = PBXBuildFile; fileRef = 1665B7B70B8DA152005FE3EE /* RasterImage.cpp */; };
		1665B9630B8DA154005FE3EE /* RasterImage_HSV.cpp in Sources */ = {isa = PBXBuildFile; fileRef = 1665B7B80B8DA152005FE3EE /* RasterImage_HSV.cpp */; };
		1665B9660B8DA154005FE3EE /* RasterImage_RGB.cpp in Sources */ = {isa = PBXBuildFile; fileRef = 1665B7BB0B8DA152005FE3EE /* RasterImage_RGB.cpp */; };
		1665B9670B8DA154005FE3EE /* RasterImage_RGBa.cpp in Sources */ = {isa = PBXBuildFile; fileRef = 1665B7BC0B8DA152005FE3EE /* RasterImage_RGBa.cpp */; };
		1665B9680B8DA154005FE3EE /* RasterImage_RGBa_F.cpp in Sources */ = {isa = PBXBuildFile; fileRef = 1665B7BD0B8DA152005FE3EE /* RasterImage_RGBa_F.cpp */; };
		1665B96A0B8DA154005FE3EE /* RasterImage_binary.cpp in Sources */ = {isa = PBXBuildFile; fileRef = 1665B7BF0B8DA152005FE3EE /* RasterImage_binary.cpp */; };
		1665B96B0B8DA154005FE3EE /* RasterImage_gray.cpp in Sources */ = {isa = PBXBuildFile; fileRef = 1665B7C00B8DA152005FE3EE /* RasterImage_gray.cpp */; };
		1665B96C0B8DA154005FE3EE /* RasterImage_gray_F.cpp in Sources */ = {isa = PBXBuildFile; fileRef = 1665B7C10B8DA152005FE3EE /* RasterImage_gray_F.cpp */; };
		1665B9C20B8DA154005FE3EE /* DepthMap.cpp in Sources */ = {isa = PBXBuildFile; fileRef = 1665B8190B8DA153005FE3EE /* DepthMap.cpp */; };
		1665B9C50B8DA154005FE3EE /* ElevationMap.cpp in Sources */ = {isa = PBXBuildFile; fileRef = 1665B81C0B8DA153005FE3EE /* ElevationMap.cpp */; };
		1665B9C60B8DA154005FE3EE /* Entity3D.cpp in Sources */ = {isa = PBXBuildFile; fileRef = 1665B81D0B8DA153005FE3EE /* Entity3D.cpp */; };
		1665B9CE0B8DA154005FE3EE /* Point3D.cpp in Sources */ = {isa = PBXBuildFile; fileRef = 1665B8250B8DA153005FE3EE /* Point3D.cpp */; };
		1665B9CF0B8DA154005FE3EE /* RangeMap.cpp in Sources */ = {isa = PBXBuildFile; fileRef = 1665B8260B8DA153005FE3EE /* RangeMap.cpp */; };
		1665BA270B8DA154005FE3EE /* ImageReader.cpp in Sources */ = {isa = PBXBuildFile; fileRef = 1665B8830B8DA154005FE3EE /* ImageReader.cpp */; };
		1665BA2A0B8DA154005FE3EE /* VideoSource.cpp in Sources */ = {isa = PBXBuildFile; fileRef = 1665B8860B8DA154005FE3EE /* VideoSource.cpp */; };
		169986AD106F4FDF00D4F6D9 /* RigidTransformation3D.cpp in Sources */ = {isa = PBXBuildFile; fileRef = 16FCD21B0B8F3CF900A8A7EC /* RigidTransformation3D.cpp */; };
		169986B0106F4FF400D4F6D9 /* Transformation3D.cpp in Sources */ = {isa = PBXBuildFile; fileRef = 16FCD2180B8F3CF900A8A7EC /* Transformation3D.cpp */; };
		169986B1106F4FF400D4F6D9 /* Translation3D.cpp in Sources */ = {isa = PBXBuildFile; fileRef = 16FCD2190B8F3CF900A8A7EC /* Translation3D.cpp */; };
		169986B2106F4FF400D4F6D9 /* Rotation3D.cpp in Sources */ = {isa = PBXBuildFile; fileRef = 16FCD21A0B8F3CF900A8A7EC /* Rotation3D.cpp */; };
		169986B8106F503E00D4F6D9 /* ColumnVector.cpp in Sources */ = {isa = PBXBuildFile; fileRef = 16FCD2220B8F3D3C00A8A7EC /* ColumnVector.cpp */; };
		169986B9106F503E00D4F6D9 /* LinearSolver_LU.cpp in Sources */ = {isa = PBXBuildFile; fileRef = 16FCD2C30B8F3FCD00A8A7EC /* LinearSolver_LU.cpp */; };
		169986BA106F503E00D4F6D9 /* HomogeneousMatrix.cpp in Sources */ = {isa = PBXBuildFile; fileRef = 16FCD22D0B8F3D3D00A8A7EC /* HomogeneousMatrix.cpp */; };
		169986BB106F503E00D4F6D9 /* LinearSolver.cpp in Sources */ = {isa = PBXBuildFile; fileRef = 16FCD2BF0B8F3F9900A8A7EC /* LinearSolver.cpp */; };
		169986BC106F503E00D4F6D9 /* Matrix.cpp in Sources */ = {isa = PBXBuildFile; fileRef = 16FCD2380B8F3D3D00A8A7EC /* Matrix.cpp */; };
		169986BD106F503E00D4F6D9 /* Quaternion.cpp in Sources */ = {isa = PBXBuildFile; fileRef = 16FCD2430B8F3D3D00A8A7EC /* Quaternion.cpp */; };
		169986BE106F503E00D4F6D9 /* RowVector.cpp in Sources */ = {isa = PBXBuildFile; fileRef = 16FCD2450B8F3D3D00A8A7EC /* RowVector.cpp */; };
		169986C4106F506000D4F6D9 /* RandomGenerator_C.cpp in Sources */ = {isa = PBXBuildFile; fileRef = 169986C2106F506000D4F6D9 /* RandomGenerator_C.cpp */; };
		169986C5106F506000D4F6D9 /* RandomGenerator.cpp in Sources */ = {isa = PBXBuildFile; fileRef = 169986C3106F506000D4F6D9 /* RandomGenerator.cpp */; };
		169986C6106F506000D4F6D9 /* RandomGenerator_C.cpp in Sources */ = {isa = PBXBuildFile; fileRef = 169986C2106F506000D4F6D9 /* RandomGenerator_C.cpp */; };
		169986C7106F506000D4F6D9 /* RandomGenerator.cpp in Sources */ = {isa = PBXBuildFile; fileRef = 169986C3106F506000D4F6D9 /* RandomGenerator.cpp */; };
		16CA59EA0B8BBD5D00BBE774 /* uriVisionLib-QT.framework in Frameworks */ = {isa = PBXBuildFile; fileRef = 16CA59E80B8BBD5D00BBE774 /* uriVisionLib-QT.framework */; };
		16CA59EB0B8BBD5D00BBE774 /* uriVisionLib-generic.framework in Frameworks */ = {isa = PBXBuildFile; fileRef = 16CA59E70B8BBD5D00BBE774 /* uriVisionLib-generic.framework */; };
		16D8EB350B8A77C500916EFD /* Carbon.framework in Frameworks */ = {isa = PBXBuildFile; fileRef = 20286C33FDCF999611CA2CEA /* Carbon.framework */; };
		16D8EB360B8A77C500916EFD /* GLUT.framework in Frameworks */ = {isa = PBXBuildFile; fileRef = 165B99810AF97153004F8A31 /* GLUT.framework */; };
		16D8EB370B8A77C500916EFD /* OpenGL.framework in Frameworks */ = {isa = PBXBuildFile; fileRef = 165B99850AF9715D004F8A31 /* OpenGL.framework */; };
		16D8EB380B8A77C500916EFD /* QuickTime.framework in Frameworks */ = {isa = PBXBuildFile; fileRef = 165B99890AF97165004F8A31 /* QuickTime.framework */; };
		16D8EB400B8A77D300916EFD /* InfoPlist.strings in Resources */ = {isa = PBXBuildFile; fileRef = 0867D6AAFE840B52C02AAC07 /* InfoPlist.strings */; };
		16D8EB410B8A77D300916EFD /* main.nib in Resources */ = {isa = PBXBuildFile; fileRef = 02345980000FD03B11CA0E72 /* main.nib */; };
		16D8EB420B8A77F900916EFD /* InfoPlist.strings in Resources */ = {isa = PBXBuildFile; fileRef = 0867D6AAFE840B52C02AAC07 /* InfoPlist.strings */; };
		16D8EB430B8A77F900916EFD /* main.nib in Resources */ = {isa = PBXBuildFile; fileRef = 02345980000FD03B11CA0E72 /* main.nib */; };
		16D8EB440B8A780100916EFD /* Carbon.framework in Frameworks */ = {isa = PBXBuildFile; fileRef = 20286C33FDCF999611CA2CEA /* Carbon.framework */; };
		16D8EB450B8A780100916EFD /* GLUT.framework in Frameworks */ = {isa = PBXBuildFile; fileRef = 165B99810AF97153004F8A31 /* GLUT.framework */; };
		16D8EB460B8A780100916EFD /* OpenGL.framework in Frameworks */ = {isa = PBXBuildFile; fileRef = 165B99850AF9715D004F8A31 /* OpenGL.framework */; };
		16DBAF620B7CFF5F0027A882 /* OpenGL.framework in Frameworks */ = {isa = PBXBuildFile; fileRef = 165B99850AF9715D004F8A31 /* OpenGL.framework */; };
		16DBAF630B7CFF6B0027A882 /* GLUT.framework in Frameworks */ = {isa = PBXBuildFile; fileRef = 165B99810AF97153004F8A31 /* GLUT.framework */; };
		16DBAF640B7CFF6B0027A882 /* Carbon.framework in Frameworks */ = {isa = PBXBuildFile; fileRef = 20286C33FDCF999611CA2CEA /* Carbon.framework */; };
		16EF5AB60B80291A00BBD3D5 /* main.nib in Resources */ = {isa = PBXBuildFile; fileRef = 02345980000FD03B11CA0E72 /* main.nib */; };
		16EF5ABB0B80293000BBD3D5 /* InfoPlist.strings in Resources */ = {isa = PBXBuildFile; fileRef = 0867D6AAFE840B52C02AAC07 /* InfoPlist.strings */; };
		16FCC2BC0B8F2E7500A8A7EC /* main_stereo.cpp in Sources */ = {isa = PBXBuildFile; fileRef = 16FCC2BB0B8F2E7500A8A7EC /* main_stereo.cpp */; };
		16FCC2BD0B8F2E7500A8A7EC /* main_stereo.cpp in Sources */ = {isa = PBXBuildFile; fileRef = 16FCC2BB0B8F2E7500A8A7EC /* main_stereo.cpp */; };
		16FCC2BE0B8F2E7500A8A7EC /* main_stereo.cpp in Sources */ = {isa = PBXBuildFile; fileRef = 16FCC2BB0B8F2E7500A8A7EC /* main_stereo.cpp */; };
		16FCC2BF0B8F2E7500A8A7EC /* main_stereo.cpp in Sources */ = {isa = PBXBuildFile; fileRef = 16FCC2BB0B8F2E7500A8A7EC /* main_stereo.cpp */; };
		16FCD0F20B8F32C200A8A7EC /* GlUtils.cpp in Sources */ = {isa = PBXBuildFile; fileRef = 16FCD0E70B8F32C200A8A7EC /* GlUtils.cpp */; };
		16FCD0F30B8F32C200A8A7EC /* GraphicComponent3D.cpp in Sources */ = {isa = PBXBuildFile; fileRef = 16FCD0E80B8F32C200A8A7EC /* GraphicComponent3D.cpp */; };
		16FCD0F70B8F32C200A8A7EC /* PolyMesh3D.cpp in Sources */ = {isa = PBXBuildFile; fileRef = 16FCD0EC0B8F32C200A8A7EC /* PolyMesh3D.cpp */; };
		16FCD0FD0B8F32C200A8A7EC /* GlUtils.cpp in Sources */ = {isa = PBXBuildFile; fileRef = 16FCD0E70B8F32C200A8A7EC /* GlUtils.cpp */; };
		16FCD0FE0B8F32C200A8A7EC /* GraphicComponent3D.cpp in Sources */ = {isa = PBXBuildFile; fileRef = 16FCD0E80B8F32C200A8A7EC /* GraphicComponent3D.cpp */; };
		16FCD1020B8F32C200A8A7EC /* PolyMesh3D.cpp in Sources */ = {isa = PBXBuildFile; fileRef = 16FCD0EC0B8F32C200A8A7EC /* PolyMesh3D.cpp */; };
		16FCD1980B8F32DC00A8A7EC /* RigidTransformation2D.cpp in Sources */ = {isa = PBXBuildFile; fileRef = 16FCD14A0B8F32DC00A8A7EC /* RigidTransformation2D.cpp */; };
		16FCD1990B8F32DC00A8A7EC /* Rotation2D.cpp in Sources */ = {isa = PBXBuildFile; fileRef = 16FCD14B0B8F32DC00A8A7EC /* Rotation2D.cpp */; };
		16FCD19D0B8F32DC00A8A7EC /* Transformation2D.cpp in Sources */ = {isa = PBXBuildFile; fileRef = 16FCD14F0B8F32DC00A8A7EC /* Transformation2D.cpp */; };
		16FCD19E0B8F32DC00A8A7EC /* Translation2D.cpp in Sources */ = {isa = PBXBuildFile; fileRef = 16FCD1500B8F32DC00A8A7EC /* Translation2D.cpp */; };
		16FCD1E60B8F32DC00A8A7EC /* RigidTransformation2D.cpp in Sources */ = {isa = PBXBuildFile; fileRef = 16FCD14A0B8F32DC00A8A7EC /* RigidTransformation2D.cpp */; };
		16FCD1E70B8F32DC00A8A7EC /* Rotation2D.cpp in Sources */ = {isa = PBXBuildFile; fileRef = 16FCD14B0B8F32DC00A8A7EC /* Rotation2D.cpp */; };
		16FCD1EB0B8F32DC00A8A7EC /* Transformation2D.cpp in Sources */ = {isa = PBXBuildFile; fileRef = 16FCD14F0B8F32DC00A8A7EC /* Transformation2D.cpp */; };
		16FCD1EC0B8F32DC00A8A7EC /* Translation2D.cpp in Sources */ = {isa = PBXBuildFile; fileRef = 16FCD1500B8F32DC00A8A7EC /* Translation2D.cpp */; };
		16FCD1FC0B8F374600A8A7EC /* ReferenceFrame3D.cpp in Sources */ = {isa = PBXBuildFile; fileRef = 16FCD1FB0B8F374600A8A7EC /* ReferenceFrame3D.cpp */; };
		16FCD1FD0B8F374600A8A7EC /* ReferenceFrame3D.cpp in Sources */ = {isa = PBXBuildFile; fileRef = 16FCD1FB0B8F374600A8A7EC /* ReferenceFrame3D.cpp */; };
		16FCD2000B8F375E00A8A7EC /* IntrinsicParameters_pinhole.cpp in Sources */ = {isa = PBXBuildFile; fileRef = 16FCD1FE0B8F375E00A8A7EC /* IntrinsicParameters_pinhole.cpp */; };
		16FCD2010B8F375E00A8A7EC /* IntrinsicParameters.cpp in Sources */ = {isa = PBXBuildFile; fileRef = 16FCD1FF0B8F375E00A8A7EC /* IntrinsicParameters.cpp */; };
		16FCD2020B8F375E00A8A7EC /* IntrinsicParameters_pinhole.cpp in Sources */ = {isa = PBXBuildFile; fileRef = 16FCD1FE0B8F375E00A8A7EC /* IntrinsicParameters_pinhole.cpp */; };
		16FCD2030B8F375E00A8A7EC /* IntrinsicParameters.cpp in Sources */ = {isa = PBXBuildFile; fileRef = 16FCD1FF0B8F375E00A8A7EC /* IntrinsicParameters.cpp */; };
		16FCD21C0B8F3CF900A8A7EC /* Transformation3D.cpp in Sources */ = {isa = PBXBuildFile; fileRef = 16FCD2180B8F3CF900A8A7EC /* Transformation3D.cpp */; };
		16FCD21D0B8F3CF900A8A7EC /* Translation3D.cpp in Sources */ = {isa = PBXBuildFile; fileRef = 16FCD2190B8F3CF900A8A7EC /* Translation3D.cpp */; };
		16FCD21E0B8F3CF900A8A7EC /* Rotation3D.cpp in Sources */ = {isa = PBXBuildFile; fileRef = 16FCD21A0B8F3CF900A8A7EC /* Rotation3D.cpp */; };
		16FCD21F0B8F3CF900A8A7EC /* RigidTransformation3D.cpp in Sources */ = {isa = PBXBuildFile; fileRef = 16FCD21B0B8F3CF900A8A7EC /* RigidTransformation3D.cpp */; };
		16FCD2470B8F3D3D00A8A7EC /* ColumnVector.cpp in Sources */ = {isa = PBXBuildFile; fileRef = 16FCD2220B8F3D3C00A8A7EC /* ColumnVector.cpp */; };
		16FCD2520B8F3D3D00A8A7EC /* HomogeneousMatrix.cpp in Sources */ = {isa = PBXBuildFile; fileRef = 16FCD22D0B8F3D3D00A8A7EC /* HomogeneousMatrix.cpp */; };
		16FCD25D0B8F3D3D00A8A7EC /* Matrix.cpp in Sources */ = {isa = PBXBuildFile; fileRef = 16FCD2380B8F3D3D00A8A7EC /* Matrix.cpp */; };
		16FCD2680B8F3D3D00A8A7EC /* Quaternion.cpp in Sources */ = {isa = PBXBuildFile; fileRef = 16FCD2430B8F3D3D00A8A7EC /* Quaternion.cpp */; };
		16FCD26A0B8F3D3D00A8A7EC /* RowVector.cpp in Sources */ = {isa = PBXBuildFile; fileRef = 16FCD2450B8F3D3D00A8A7EC /* RowVector.cpp */; };
		16FCD2C00B8F3F9900A8A7EC /* LinearSolver.cpp in Sources */ = {isa = PBXBuildFile; fileRef = 16FCD2BF0B8F3F9900A8A7EC /* LinearSolver.cpp */; };
		16FCD2C40B8F3FCD00A8A7EC /* LinearSolver_LU.cpp in Sources */ = {isa = PBXBuildFile; fileRef = 16FCD2C30B8F3FCD00A8A7EC /* LinearSolver_LU.cpp */; };
		8D0C4E8D0486CD37000505A6 /* InfoPlist.strings in Resources */ = {isa = PBXBuildFile; fileRef = 0867D6AAFE840B52C02AAC07 /* InfoPlist.strings */; };
		8D0C4E8E0486CD37000505A6 /* main.nib in Resources */ = {isa = PBXBuildFile; fileRef = 02345980000FD03B11CA0E72 /* main.nib */; };
		8D0C4E920486CD37000505A6 /* Carbon.framework in Frameworks */ = {isa = PBXBuildFile; fileRef = 20286C33FDCF999611CA2CEA /* Carbon.framework */; };
		93D4963910AC77D1005D9AB3 /* LinearSolverRecord.cpp in Sources */ = {isa = PBXBuildFile; fileRef = 93D4963810AC77D0005D9AB3 /* LinearSolverRecord.cpp */; };
		93D4963A10AC77D1005D9AB3 /* LinearSolverRecord.cpp in Sources */ = {isa = PBXBuildFile; fileRef = 93D4963810AC77D0005D9AB3 /* LinearSolverRecord.cpp */; };
		93D7E7A217615D580043D497 /* libfreeimage.a in Frameworks */ = {isa = PBXBuildFile; fileRef = 93D7E7A017615D580043D497 /* libfreeimage.a */; };
		93D7E7A317615D580043D497 /* libfreeimage.dylib in Frameworks */ = {isa = PBXBuildFile; fileRef = 93D7E7A117615D580043D497 /* libfreeimage.dylib */; };
		93D7E7A417615D580043D497 /* libfreeimage.a in Frameworks */ = {isa = PBXBuildFile; fileRef = 93D7E7A017615D580043D497 /* libfreeimage.a */; };
		93D7E7A517615D580043D497 /* libfreeimage.dylib in Frameworks */ = {isa = PBXBuildFile; fileRef = 93D7E7A117615D580043D497 /* libfreeimage.dylib */; };
		93D7E7A617615D580043D497 /* libfreeimage.a in Frameworks */ = {isa = PBXBuildFile; fileRef = 93D7E7A017615D580043D497 /* libfreeimage.a */; };
		93D7E7A717615D580043D497 /* libfreeimage.dylib in Frameworks */ = {isa = PBXBuildFile; fileRef = 93D7E7A117615D580043D497 /* libfreeimage.dylib */; };
		93D7E7A817615D580043D497 /* libfreeimage.a in Frameworks */ = {isa = PBXBuildFile; fileRef = 93D7E7A017615D580043D497 /* libfreeimage.a */; };
		93D7E7A917615D580043D497 /* libfreeimage.dylib in Frameworks */ = {isa = PBXBuildFile; fileRef = 93D7E7A117615D580043D497 /* libfreeimage.dylib */; };
		93D7E7C917615DB10043D497 /* _FrameGrabber_gen.cpp in Sources */ = {isa = PBXBuildFile; fileRef = 93D7E7BB17615DB10043D497 /* _FrameGrabber_gen.cpp */; };
		93D7E7CA17615DB10043D497 /* _FrameGrabber_QT.cpp in Sources */ = {isa = PBXBuildFile; fileRef = 93D7E7BC17615DB10043D497 /* _FrameGrabber_QT.cpp */; };
		93D7E7CB17615DB10043D497 /* _GraphWorld_gen.cpp in Sources */ = {isa = PBXBuildFile; fileRef = 93D7E7BD17615DB10043D497 /* _GraphWorld_gen.cpp */; };
		93D7E7CC17615DB10043D497 /* _GraphWorld_QT.cpp in Sources */ = {isa = PBXBuildFile; fileRef = 93D7E7BE17615DB10043D497 /* _GraphWorld_QT.cpp */; };
		93D7E7CD17615DB10043D497 /* _ImageReader_FreeImage.cpp in Sources */ = {isa = PBXBuildFile; fileRef = 93D7E7BF17615DB10043D497 /* _ImageReader_FreeImage.cpp */; };
		93D7E7CE17615DB10043D497 /* _ImageReader_hack.cpp in Sources */ = {isa = PBXBuildFile; fileRef = 93D7E7C017615DB10043D497 /* _ImageReader_hack.cpp */; };
		93D7E7CF17615DB10043D497 /* _ImageReader_QT.cpp in Sources */ = {isa = PBXBuildFile; fileRef = 93D7E7C117615DB10043D497 /* _ImageReader_QT.cpp */; };
		93D7E7D017615DB10043D497 /* _ImageTransformation_FreeImage.cpp in Sources */ = {isa = PBXBuildFile; fileRef = 93D7E7C217615DB10043D497 /* _ImageTransformation_FreeImage.cpp */; };
		93D7E7D117615DB10043D497 /* _ImageTransformation_QT.cpp in Sources */ = {isa = PBXBuildFile; fileRef = 93D7E7C317615DB10043D497 /* _ImageTransformation_QT.cpp */; };
		93D7E7D217615DB10043D497 /* _ImageWriter_FreeImage.cpp in Sources */ = {isa = PBXBuildFile; fileRef = 93D7E7C417615DB10043D497 /* _ImageWriter_FreeImage.cpp */; };
		93D7E7D317615DB10043D497 /* _ImageWriter_hack.cpp in Sources */ = {isa = PBXBuildFile; fileRef = 93D7E7C517615DB10043D497 /* _ImageWriter_hack.cpp */; };
		93D7E7D417615DB10043D497 /* _ImageWriter_QT.cpp in Sources */ = {isa = PBXBuildFile; fileRef = 93D7E7C617615DB10043D497 /* _ImageWriter_QT.cpp */; };
		93D7E7D517615DB10043D497 /* _MoviePlayer_libquicktime.cpp in Sources */ = {isa = PBXBuildFile; fileRef = 93D7E7C717615DB10043D497 /* _MoviePlayer_libquicktime.cpp */; };
		93D7E7D617615DB10043D497 /* _MoviePlayer_QT.cpp in Sources */ = {isa = PBXBuildFile; fileRef = 93D7E7C817615DB10043D497 /* _MoviePlayer_QT.cpp */; };
		93D7E7D717615DB10043D497 /* _FrameGrabber_gen.cpp in Sources */ = {isa = PBXBuildFile; fileRef = 93D7E7BB17615DB10043D497 /* _FrameGrabber_gen.cpp */; };
		93D7E7D817615DB10043D497 /* _FrameGrabber_QT.cpp in Sources */ = {isa = PBXBuildFile; fileRef = 93D7E7BC17615DB10043D497 /* _FrameGrabber_QT.cpp */; };
		93D7E7D917615DB10043D497 /* _GraphWorld_gen.cpp in Sources */ = {isa = PBXBuildFile; fileRef = 93D7E7BD17615DB10043D497 /* _GraphWorld_gen.cpp */; };
		93D7E7DA17615DB10043D497 /* _GraphWorld_QT.cpp in Sources */ = {isa = PBXBuildFile; fileRef = 93D7E7BE17615DB10043D497 /* _GraphWorld_QT.cpp */; };
		93D7E7DB17615DB10043D497 /* _ImageReader_FreeImage.cpp in Sources */ = {isa = PBXBuildFile; fileRef = 93D7E7BF17615DB10043D497 /* _ImageReader_FreeImage.cpp */; };
		93D7E7DC17615DB10043D497 /* _ImageReader_hack.cpp in Sources */ = {isa = PBXBuildFile; fileRef = 93D7E7C017615DB10043D497 /* _ImageReader_hack.cpp */; };
		93D7E7DD17615DB10043D497 /* _ImageReader_QT.cpp in Sources */ = {isa = PBXBuildFile; fileRef = 93D7E7C117615DB10043D497 /* _ImageReader_QT.cpp */; };
		93D7E7DE17615DB10043D497 /* _ImageTransformation_FreeImage.cpp in Sources */ = {isa = PBXBuildFile; fileRef = 93D7E7C217615DB10043D497 /* _ImageTransformation_FreeImage.cpp */; };
		93D7E7DF17615DB10043D497 /* _ImageTransformation_QT.cpp in Sources */ = {isa = PBXBuildFile; fileRef = 93D7E7C317615DB10043D497 /* _ImageTransformation_QT.cpp */; };
		93D7E7E017615DB10043D497 /* _ImageWriter_FreeImage.cpp in Sources */ = {isa = PBXBuildFile; fileRef = 93D7E7C417615DB10043D497 /* _ImageWriter_FreeImage.cpp */; };
		93D7E7E117615DB10043D497 /* _ImageWriter_hack.cpp in Sources */ = {isa = PBXBuildFile; fileRef = 93D7E7C517615DB10043D497 /* _ImageWriter_hack.cpp */; };
		93D7E7E217615DB10043D497 /* _ImageWriter_QT.cpp in Sources */ = {isa = PBXBuildFile; fileRef = 93D7E7C617615DB10043D497 /* _ImageWriter_QT.cpp */; };
		93D7E7E317615DB10043D497 /* _MoviePlayer_libquicktime.cpp in Sources */ = {isa = PBXBuildFile; fileRef = 93D7E7C717615DB10043D497 /* _MoviePlayer_libquicktime.cpp */; };
		93D7E7E417615DB10043D497 /* _MoviePlayer_QT.cpp in Sources */ = {isa = PBXBuildFile; fileRef = 93D7E7C817615DB10043D497 /* _MoviePlayer_QT.cpp */; };
/* End PBXBuildFile section */

/* Begin PBXFileReference section */
		0867D6ABFE840B52C02AAC07 /* English */ = {isa = PBXFileReference; fileEncoding = 10; lastKnownFileType = text.plist.strings; name = English; path = English.lproj/InfoPlist.strings; sourceTree = "<group>"; };
		165B99810AF97153004F8A31 /* GLUT.framework */ = {isa = PBXFileReference; lastKnownFileType = wrapper.framework; name = GLUT.framework; path = /System/Library/Frameworks/GLUT.framework; sourceTree = "<absolute>"; };
		165B99850AF9715D004F8A31 /* OpenGL.framework */ = {isa = PBXFileReference; lastKnownFileType = wrapper.framework; name = OpenGL.framework; path = /System/Library/Frameworks/OpenGL.framework; sourceTree = "<absolute>"; };
		165B99890AF97165004F8A31 /* QuickTime.framework */ = {isa = PBXFileReference; lastKnownFileType = wrapper.framework; name = QuickTime.framework; path = /System/Library/Frameworks/QuickTime.framework; sourceTree = "<absolute>"; };
		1665B6CB0B8DA094005FE3EE /* uriVisionLib.h */ = {isa = PBXFileReference; fileEncoding = 30; lastKnownFileType = sourcecode.c.h; lineEnding = 0; path = uriVisionLib.h; sourceTree = "<group>"; };
		1665B6CC0B8DA094005FE3EE /* ErrorReport.h */ = {isa = PBXFileReference; fileEncoding = 30; lastKnownFileType = sourcecode.c.h; lineEnding = 0; path = ErrorReport.h; sourceTree = "<group>"; };
		1665B6CD0B8DA094005FE3EE /* ImagePoint.h */ = {isa = PBXFileReference; fileEncoding = 30; lastKnownFileType = sourcecode.c.h; lineEnding = 0; path = ImagePoint.h; sourceTree = "<group>"; };
		1665B6CE0B8DA094005FE3EE /* ImagePoint_F.h */ = {isa = PBXFileReference; fileEncoding = 30; lastKnownFileType = sourcecode.c.h; lineEnding = 0; path = ImagePoint_F.h; sourceTree = "<group>"; };
		1665B6CF0B8DA094005FE3EE /* ImageRect.h */ = {isa = PBXFileReference; fileEncoding = 30; lastKnownFileType = sourcecode.c.h; lineEnding = 0; path = ImageRect.h; sourceTree = "<group>"; };
		1665B6D00B8DA094005FE3EE /* DrawableObject2D.h */ = {isa = PBXFileReference; fileEncoding = 30; lastKnownFileType = sourcecode.c.h; lineEnding = 0; path = DrawableObject2D.h; sourceTree = "<group>"; };
		1665B6D10B8DA094005FE3EE /* GraphWorld.h */ = {isa = PBXFileReference; fileEncoding = 30; lastKnownFileType = sourcecode.c.h; lineEnding = 0; path = GraphWorld.h; sourceTree = "<group>"; };
		1665B6D40B8DA094005FE3EE /* RasterImage.h */ = {isa = PBXFileReference; fileEncoding = 30; lastKnownFileType = sourcecode.c.h; lineEnding = 0; path = RasterImage.h; sourceTree = "<group>"; };
		1665B6D50B8DA094005FE3EE /* RasterImage_HSV.h */ = {isa = PBXFileReference; fileEncoding = 30; lastKnownFileType = sourcecode.c.h; lineEnding = 0; path = RasterImage_HSV.h; sourceTree = "<group>"; };
		1665B6D80B8DA094005FE3EE /* RasterImage_RGB.h */ = {isa = PBXFileReference; fileEncoding = 30; lastKnownFileType = sourcecode.c.h; lineEnding = 0; path = RasterImage_RGB.h; sourceTree = "<group>"; };
		1665B6D90B8DA094005FE3EE /* RasterImage_RGBa.h */ = {isa = PBXFileReference; fileEncoding = 30; lastKnownFileType = sourcecode.c.h; lineEnding = 0; path = RasterImage_RGBa.h; sourceTree = "<group>"; };
		1665B6DA0B8DA094005FE3EE /* RasterImage_RGBa_F.h */ = {isa = PBXFileReference; fileEncoding = 30; lastKnownFileType = sourcecode.c.h; lineEnding = 0; path = RasterImage_RGBa_F.h; sourceTree = "<group>"; };
		1665B6DC0B8DA094005FE3EE /* RasterImage_binary.h */ = {isa = PBXFileReference; fileEncoding = 30; lastKnownFileType = sourcecode.c.h; lineEnding = 0; path = RasterImage_binary.h; sourceTree = "<group>"; };
		1665B6DD0B8DA094005FE3EE /* RasterImage_gray.h */ = {isa = PBXFileReference; fileEncoding = 30; lastKnownFileType = sourcecode.c.h; lineEnding = 0; path = RasterImage_gray.h; sourceTree = "<group>"; };
		1665B6DE0B8DA094005FE3EE /* RasterImage_gray_F.h */ = {isa = PBXFileReference; fileEncoding = 30; lastKnownFileType = sourcecode.c.h; lineEnding = 0; path = RasterImage_gray_F.h; sourceTree = "<group>"; };
		1665B73C0B8DA095005FE3EE /* DepthMap.h */ = {isa = PBXFileReference; fileEncoding = 30; lastKnownFileType = sourcecode.c.h; lineEnding = 0; path = DepthMap.h; sourceTree = "<group>"; };
		1665B73F0B8DA095005FE3EE /* ElevationMap.h */ = {isa = PBXFileReference; fileEncoding = 30; lastKnownFileType = sourcecode.c.h; lineEnding = 0; path = ElevationMap.h; sourceTree = "<group>"; };
		1665B7400B8DA095005FE3EE /* Entity3D.h */ = {isa = PBXFileReference; fileEncoding = 30; lastKnownFileType = sourcecode.c.h; lineEnding = 0; path = Entity3D.h; sourceTree = "<group>"; };
		1665B7490B8DA095005FE3EE /* Point3D.h */ = {isa = PBXFileReference; fileEncoding = 30; lastKnownFileType = sourcecode.c.h; lineEnding = 0; path = Point3D.h; sourceTree = "<group>"; };
		1665B74A0B8DA095005FE3EE /* RangeMap.h */ = {isa = PBXFileReference; fileEncoding = 30; lastKnownFileType = sourcecode.c.h; lineEnding = 0; path = RangeMap.h; sourceTree = "<group>"; };
		1665B7510B8DA095005FE3EE /* ReferenceFrame3D.h */ = {isa = PBXFileReference; fileEncoding = 30; lastKnownFileType = sourcecode.c.h; lineEnding = 0; path = ReferenceFrame3D.h; sourceTree = "<group>"; };
		1665B7A90B8DA096005FE3EE /* ImageReader.h */ = {isa = PBXFileReference; fileEncoding = 30; lastKnownFileType = sourcecode.c.h; lineEnding = 0; path = ImageReader.h; sourceTree = "<group>"; };
		1665B7AC0B8DA096005FE3EE /* VideoSource.h */ = {isa = PBXFileReference; fileEncoding = 30; lastKnownFileType = sourcecode.c.h; lineEnding = 0; path = VideoSource.h; sourceTree = "<group>"; };
		1665B7AE0B8DA152005FE3EE /* DrawableObject2D.cpp */ = {isa = PBXFileReference; fileEncoding = 30; lastKnownFileType = sourcecode.cpp.cpp; lineEnding = 0; path = DrawableObject2D.cpp; sourceTree = "<group>"; };
		1665B7AF0B8DA152005FE3EE /* ErrorReport.cpp */ = {isa = PBXFileReference; fileEncoding = 30; lastKnownFileType = sourcecode.cpp.cpp; lineEnding = 0; path = ErrorReport.cpp; sourceTree = "<group>"; };
		1665B7B00B8DA152005FE3EE /* GraphWorld.cpp */ = {isa = PBXFileReference; fileEncoding = 30; lastKnownFileType = sourcecode.cpp.cpp; lineEnding = 0; path = GraphWorld.cpp; sourceTree = "<group>"; };
		1665B7B40B8DA152005FE3EE /* ImagePoint.cpp */ = {isa = PBXFileReference; fileEncoding = 30; lastKnownFileType = sourcecode.cpp.cpp; lineEnding = 0; path = ImagePoint.cpp; sourceTree = "<group>"; };
		1665B7B50B8DA152005FE3EE /* ImagePoint_F.cpp */ = {isa = PBXFileReference; fileEncoding = 30; lastKnownFileType = sourcecode.cpp.cpp; lineEnding = 0; path = ImagePoint_F.cpp; sourceTree = "<group>"; };
		1665B7B60B8DA152005FE3EE /* ImageRect.cpp */ = {isa = PBXFileReference; fileEncoding = 30; lastKnownFileType = sourcecode.cpp.cpp; lineEnding = 0; path = ImageRect.cpp; sourceTree = "<group>"; };
		1665B7B70B8DA152005FE3EE /* RasterImage.cpp */ = {isa = PBXFileReference; fileEncoding = 30; lastKnownFileType = sourcecode.cpp.cpp; lineEnding = 0; path = RasterImage.cpp; sourceTree = "<group>"; };
		1665B7B80B8DA152005FE3EE /* RasterImage_HSV.cpp */ = {isa = PBXFileReference; fileEncoding = 30; lastKnownFileType = sourcecode.cpp.cpp; lineEnding = 0; path = RasterImage_HSV.cpp; sourceTree = "<group>"; };
		1665B7BB0B8DA152005FE3EE /* RasterImage_RGB.cpp */ = {isa = PBXFileReference; fileEncoding = 30; lastKnownFileType = sourcecode.cpp.cpp; lineEnding = 0; path = RasterImage_RGB.cpp; sourceTree = "<group>"; };
		1665B7BC0B8DA152005FE3EE /* RasterImage_RGBa.cpp */ = {isa = PBXFileReference; fileEncoding = 30; lastKnownFileType = sourcecode.cpp.cpp; lineEnding = 0; path = RasterImage_RGBa.cpp; sourceTree = "<group>"; };
		1665B7BD0B8DA152005FE3EE /* RasterImage_RGBa_F.cpp */ = {isa = PBXFileReference; fileEncoding = 30; lastKnownFileType = sourcecode.cpp.cpp; lineEnding = 0; path = RasterImage_RGBa_F.cpp; sourceTree = "<group>"; };
		1665B7BE0B8DA152005FE3EE /* RasterImage_aRGB16.cpp */ = {isa = PBXFileReference; fileEncoding = 30; lastKnownFileType = sourcecode.cpp.cpp; lineEnding = 0; path = RasterImage_aRGB16.cpp; sourceTree = "<group>"; };
		1665B7BF0B8DA152005FE3EE /* RasterImage_binary.cpp */ = {isa = PBXFileReference; fileEncoding = 30; lastKnownFileType = sourcecode.cpp.cpp; lineEnding = 0; path = RasterImage_binary.cpp; sourceTree = "<group>"; };
		1665B7C00B8DA152005FE3EE /* RasterImage_gray.cpp */ = {isa = PBXFileReference; fileEncoding = 30; lastKnownFileType = sourcecode.cpp.cpp; lineEnding = 0; path = RasterImage_gray.cpp; sourceTree = "<group>"; };
		1665B7C10B8DA152005FE3EE /* RasterImage_gray_F.cpp */ = {isa = PBXFileReference; fileEncoding = 30; lastKnownFileType = sourcecode.cpp.cpp; lineEnding = 0; path = RasterImage_gray_F.cpp; sourceTree = "<group>"; };
		1665B8190B8DA153005FE3EE /* DepthMap.cpp */ = {isa = PBXFileReference; fileEncoding = 30; lastKnownFileType = sourcecode.cpp.cpp; lineEnding = 0; path = DepthMap.cpp; sourceTree = "<group>"; };
		1665B81C0B8DA153005FE3EE /* ElevationMap.cpp */ = {isa = PBXFileReference; fileEncoding = 30; lastKnownFileType = sourcecode.cpp.cpp; lineEnding = 0; path = ElevationMap.cpp; sourceTree = "<group>"; };
		1665B81D0B8DA153005FE3EE /* Entity3D.cpp */ = {isa = PBXFileReference; fileEncoding = 30; lastKnownFileType = sourcecode.cpp.cpp; lineEnding = 0; path = Entity3D.cpp; sourceTree = "<group>"; };
		1665B8250B8DA153005FE3EE /* Point3D.cpp */ = {isa = PBXFileReference; fileEncoding = 30; lastKnownFileType = sourcecode.cpp.cpp; lineEnding = 0; path = Point3D.cpp; sourceTree = "<group>"; };
		1665B8260B8DA153005FE3EE /* RangeMap.cpp */ = {isa = PBXFileReference; fileEncoding = 30; lastKnownFileType = sourcecode.cpp.cpp; lineEnding = 0; path = RangeMap.cpp; sourceTree = "<group>"; };
		1665B8830B8DA154005FE3EE /* ImageReader.cpp */ = {isa = PBXFileReference; fileEncoding = 30; lastKnownFileType = sourcecode.cpp.cpp; lineEnding = 0; path = ImageReader.cpp; sourceTree = "<group>"; };
		1665B8860B8DA154005FE3EE /* VideoSource.cpp */ = {isa = PBXFileReference; fileEncoding = 30; lastKnownFileType = sourcecode.cpp.cpp; lineEnding = 0; path = VideoSource.cpp; sourceTree = "<group>"; };
		169986C2106F506000D4F6D9 /* RandomGenerator_C.cpp */ = {isa = PBXFileReference; fileEncoding = 4; lastKnownFileType = sourcecode.cpp.cpp; path = RandomGenerator_C.cpp; sourceTree = "<group>"; };
		169986C3106F506000D4F6D9 /* RandomGenerator.cpp */ = {isa = PBXFileReference; fileEncoding = 4; lastKnownFileType = sourcecode.cpp.cpp; path = RandomGenerator.cpp; sourceTree = "<group>"; };
		169986CA106F508D00D4F6D9 /* RandomGenerator_C.h */ = {isa = PBXFileReference; fileEncoding = 4; lastKnownFileType = sourcecode.c.h; path = RandomGenerator_C.h; sourceTree = "<group>"; };
		169986CB106F508D00D4F6D9 /* RandomGenerator.h */ = {isa = PBXFileReference; fileEncoding = 4; lastKnownFileType = sourcecode.c.h; path = RandomGenerator.h; sourceTree = "<group>"; };
		16A8E1ED0DD53242005EBDCA /* RasterImage_aRGB16.h */ = {isa = PBXFileReference; fileEncoding = 4; lastKnownFileType = sourcecode.c.h; path = RasterImage_aRGB16.h; sourceTree = "<group>"; };
		16CA59E70B8BBD5D00BBE774 /* uriVisionLib-generic.framework */ = {isa = PBXFileReference; lastKnownFileType = wrapper.framework; path = "uriVisionLib-generic.framework"; sourceTree = "<group>"; };
		16CA59E80B8BBD5D00BBE774 /* uriVisionLib-QT.framework */ = {isa = PBXFileReference; lastKnownFileType = wrapper.framework; path = "uriVisionLib-QT.framework"; sourceTree = "<group>"; };
		16D8EA750B8A69CC00916EFD /* Source_generic_Prefix.pch */ = {isa = PBXFileReference; fileEncoding = 30; lastKnownFileType = sourcecode.c.h; path = Source_generic_Prefix.pch; sourceTree = "<group>"; };
		16D8EA760B8A69DD00916EFD /* Source_QT_Prefix.pch */ = {isa = PBXFileReference; fileEncoding = 30; lastKnownFileType = sourcecode.c.h; path = Source_QT_Prefix.pch; sourceTree = "<group>"; };
		16D8EB1B0B8A76F300916EFD /* Stereo Disparity Viewer - Framework - QT - Debug.app */ = {isa = PBXFileReference; explicitFileType = wrapper.application; includeInIndex = 0; path = "Stereo Disparity Viewer - Framework - QT - Debug.app"; sourceTree = BUILT_PRODUCTS_DIR; };
		16D8EB250B8A773C00916EFD /* Stereo Disparity Viewer - Framework - generic - Debug.app */ = {isa = PBXFileReference; explicitFileType = wrapper.application; includeInIndex = 0; path = "Stereo Disparity Viewer - Framework - generic - Debug.app"; sourceTree = BUILT_PRODUCTS_DIR; };
		16D8EB2B0B8A777500916EFD /* Framework_generic_Prefix.pch */ = {isa = PBXFileReference; fileEncoding = 30; lastKnownFileType = sourcecode.c.h; path = Framework_generic_Prefix.pch; sourceTree = "<group>"; };
		16D8EB2C0B8A777F00916EFD /* Framework_QT_Prefix.pch */ = {isa = PBXFileReference; fileEncoding = 30; lastKnownFileType = sourcecode.c.h; path = Framework_QT_Prefix.pch; sourceTree = "<group>"; };
		16DBAF5D0B7CFEE30027A882 /* Stereo Disparity Viewer - Source - generic - Debug.app */ = {isa = PBXFileReference; explicitFileType = wrapper.application; includeInIndex = 0; path = "Stereo Disparity Viewer - Source - generic - Debug.app"; sourceTree = BUILT_PRODUCTS_DIR; };
		16FCC2BB0B8F2E7500A8A7EC /* main_stereo.cpp */ = {isa = PBXFileReference; fileEncoding = 30; lastKnownFileType = sourcecode.cpp.cpp; name = main_stereo.cpp; path = ../../main_stereo.cpp; sourceTree = SOURCE_ROOT; };
		16FCD0970B8F30DA00A8A7EC /* RigidTransformation2D.h */ = {isa = PBXFileReference; fileEncoding = 30; lastKnownFileType = sourcecode.c.h; path = RigidTransformation2D.h; sourceTree = "<group>"; };
		16FCD0980B8F30DA00A8A7EC /* Rotation2D.h */ = {isa = PBXFileReference; fileEncoding = 30; lastKnownFileType = sourcecode.c.h; path = Rotation2D.h; sourceTree = "<group>"; };
		16FCD09D0B8F30DA00A8A7EC /* Transformation2D.h */ = {isa = PBXFileReference; fileEncoding = 30; lastKnownFileType = sourcecode.c.h; path = Transformation2D.h; sourceTree = "<group>"; };
		16FCD09E0B8F30DA00A8A7EC /* Translation2D.h */ = {isa = PBXFileReference; fileEncoding = 30; lastKnownFileType = sourcecode.c.h; path = Translation2D.h; sourceTree = "<group>"; };
		16FCD0A40B8F31AB00A8A7EC /* ColumnVector.h */ = {isa = PBXFileReference; fileEncoding = 30; lastKnownFileType = sourcecode.c.h; path = ColumnVector.h; sourceTree = "<group>"; };
		16FCD0B00B8F31AB00A8A7EC /* HomogeneousMatrix.h */ = {isa = PBXFileReference; fileEncoding = 30; lastKnownFileType = sourcecode.c.h; path = HomogeneousMatrix.h; sourceTree = "<group>"; };
		16FCD0BB0B8F31AB00A8A7EC /* Matrix.h */ = {isa = PBXFileReference; fileEncoding = 30; lastKnownFileType = sourcecode.c.h; path = Matrix.h; sourceTree = "<group>"; };
		16FCD0C60B8F31AB00A8A7EC /* Quaternion.h */ = {isa = PBXFileReference; fileEncoding = 30; lastKnownFileType = sourcecode.c.h; path = Quaternion.h; sourceTree = "<group>"; };
		16FCD0C80B8F31AB00A8A7EC /* RowVector.h */ = {isa = PBXFileReference; fileEncoding = 30; lastKnownFileType = sourcecode.c.h; path = RowVector.h; sourceTree = "<group>"; };
		16FCD0CF0B8F323D00A8A7EC /* GlUtils.h */ = {isa = PBXFileReference; fileEncoding = 30; lastKnownFileType = sourcecode.c.h; path = GlUtils.h; sourceTree = "<group>"; };
		16FCD0D00B8F323D00A8A7EC /* GraphicComponent3D.h */ = {isa = PBXFileReference; fileEncoding = 30; lastKnownFileType = sourcecode.c.h; path = GraphicComponent3D.h; sourceTree = "<group>"; };
		16FCD0D70B8F323D00A8A7EC /* PolyMesh3D.h */ = {isa = PBXFileReference; fileEncoding = 30; lastKnownFileType = sourcecode.c.h; path = PolyMesh3D.h; sourceTree = "<group>"; };
		16FCD0E70B8F32C200A8A7EC /* GlUtils.cpp */ = {isa = PBXFileReference; fileEncoding = 30; lastKnownFileType = sourcecode.cpp.cpp; path = GlUtils.cpp; sourceTree = "<group>"; };
		16FCD0E80B8F32C200A8A7EC /* GraphicComponent3D.cpp */ = {isa = PBXFileReference; fileEncoding = 30; lastKnownFileType = sourcecode.cpp.cpp; path = GraphicComponent3D.cpp; sourceTree = "<group>"; };
		16FCD0EC0B8F32C200A8A7EC /* PolyMesh3D.cpp */ = {isa = PBXFileReference; fileEncoding = 30; lastKnownFileType = sourcecode.cpp.cpp; path = PolyMesh3D.cpp; sourceTree = "<group>"; };
		16FCD14A0B8F32DC00A8A7EC /* RigidTransformation2D.cpp */ = {isa = PBXFileReference; fileEncoding = 30; lastKnownFileType = sourcecode.cpp.cpp; path = RigidTransformation2D.cpp; sourceTree = "<group>"; };
		16FCD14B0B8F32DC00A8A7EC /* Rotation2D.cpp */ = {isa = PBXFileReference; fileEncoding = 30; lastKnownFileType = sourcecode.cpp.cpp; path = Rotation2D.cpp; sourceTree = "<group>"; };
		16FCD14F0B8F32DC00A8A7EC /* Transformation2D.cpp */ = {isa = PBXFileReference; fileEncoding = 30; lastKnownFileType = sourcecode.cpp.cpp; path = Transformation2D.cpp; sourceTree = "<group>"; };
		16FCD1500B8F32DC00A8A7EC /* Translation2D.cpp */ = {isa = PBXFileReference; fileEncoding = 30; lastKnownFileType = sourcecode.cpp.cpp; path = Translation2D.cpp; sourceTree = "<group>"; };
		16FCD1FB0B8F374600A8A7EC /* ReferenceFrame3D.cpp */ = {isa = PBXFileReference; fileEncoding = 30; lastKnownFileType = sourcecode.cpp.cpp; path = ReferenceFrame3D.cpp; sourceTree = "<group>"; };
		16FCD1FE0B8F375E00A8A7EC /* IntrinsicParameters_pinhole.cpp */ = {isa = PBXFileReference; fileEncoding = 30; lastKnownFileType = sourcecode.cpp.cpp; path = IntrinsicParameters_pinhole.cpp; sourceTree = "<group>"; };
		16FCD1FF0B8F375E00A8A7EC /* IntrinsicParameters.cpp */ = {isa = PBXFileReference; fileEncoding = 30; lastKnownFileType = sourcecode.cpp.cpp; path = IntrinsicParameters.cpp; sourceTree = "<group>"; };
		16FCD2040B8F377400A8A7EC /* IntrinsicParameters_pinhole.h */ = {isa = PBXFileReference; fileEncoding = 30; lastKnownFileType = sourcecode.c.h; path = IntrinsicParameters_pinhole.h; sourceTree = "<group>"; };
		16FCD2050B8F377400A8A7EC /* IntrinsicParameters.h */ = {isa = PBXFileReference; fileEncoding = 30; lastKnownFileType = sourcecode.c.h; path = IntrinsicParameters.h; sourceTree = "<group>"; };
		16FCD2140B8F3CCE00A8A7EC /* Translation3D.h */ = {isa = PBXFileReference; fileEncoding = 30; lastKnownFileType = sourcecode.c.h; path = Translation3D.h; sourceTree = "<group>"; };
		16FCD2150B8F3CCE00A8A7EC /* Transformation3D.h */ = {isa = PBXFileReference; fileEncoding = 30; lastKnownFileType = sourcecode.c.h; path = Transformation3D.h; sourceTree = "<group>"; };
		16FCD2160B8F3CCE00A8A7EC /* Rotation3D.h */ = {isa = PBXFileReference; fileEncoding = 30; lastKnownFileType = sourcecode.c.h; path = Rotation3D.h; sourceTree = "<group>"; };
		16FCD2170B8F3CCE00A8A7EC /* RigidTransformation3D.h */ = {isa = PBXFileReference; fileEncoding = 30; lastKnownFileType = sourcecode.c.h; path = RigidTransformation3D.h; sourceTree = "<group>"; };
		16FCD2180B8F3CF900A8A7EC /* Transformation3D.cpp */ = {isa = PBXFileReference; fileEncoding = 30; lastKnownFileType = sourcecode.cpp.cpp; path = Transformation3D.cpp; sourceTree = "<group>"; };
		16FCD2190B8F3CF900A8A7EC /* Translation3D.cpp */ = {isa = PBXFileReference; fileEncoding = 30; lastKnownFileType = sourcecode.cpp.cpp; path = Translation3D.cpp; sourceTree = "<group>"; };
		16FCD21A0B8F3CF900A8A7EC /* Rotation3D.cpp */ = {isa = PBXFileReference; fileEncoding = 30; lastKnownFileType = sourcecode.cpp.cpp; path = Rotation3D.cpp; sourceTree = "<group>"; };
		16FCD21B0B8F3CF900A8A7EC /* RigidTransformation3D.cpp */ = {isa = PBXFileReference; fileEncoding = 30; lastKnownFileType = sourcecode.cpp.cpp; path = RigidTransformation3D.cpp; sourceTree = "<group>"; };
		16FCD2220B8F3D3C00A8A7EC /* ColumnVector.cpp */ = {isa = PBXFileReference; fileEncoding = 30; lastKnownFileType = sourcecode.cpp.cpp; path = ColumnVector.cpp; sourceTree = "<group>"; };
		16FCD22D0B8F3D3D00A8A7EC /* HomogeneousMatrix.cpp */ = {isa = PBXFileReference; fileEncoding = 30; lastKnownFileType = sourcecode.cpp.cpp; path = HomogeneousMatrix.cpp; sourceTree = "<group>"; };
		16FCD2380B8F3D3D00A8A7EC /* Matrix.cpp */ = {isa = PBXFileReference; fileEncoding = 30; lastKnownFileType = sourcecode.cpp.cpp; path = Matrix.cpp; sourceTree = "<group>"; };
		16FCD2430B8F3D3D00A8A7EC /* Quaternion.cpp */ = {isa = PBXFileReference; fileEncoding = 30; lastKnownFileType = sourcecode.cpp.cpp; path = Quaternion.cpp; sourceTree = "<group>"; };
		16FCD2450B8F3D3D00A8A7EC /* RowVector.cpp */ = {isa = PBXFileReference; fileEncoding = 30; lastKnownFileType = sourcecode.cpp.cpp; path = RowVector.cpp; sourceTree = "<group>"; };
		16FCD2A40B8F3E2C00A8A7EC /* LinearSolver.h */ = {isa = PBXFileReference; fileEncoding = 30; lastKnownFileType = sourcecode.c.h; path = LinearSolver.h; sourceTree = "<group>"; };
		16FCD2A50B8F3E2C00A8A7EC /* LinearSolver_LU.h */ = {isa = PBXFileReference; fileEncoding = 30; lastKnownFileType = sourcecode.c.h; path = LinearSolver_LU.h; sourceTree = "<group>"; };
		16FCD2BF0B8F3F9900A8A7EC /* LinearSolver.cpp */ = {isa = PBXFileReference; fileEncoding = 30; lastKnownFileType = sourcecode.cpp.cpp; path = LinearSolver.cpp; sourceTree = "<group>"; };
		16FCD2C30B8F3FCD00A8A7EC /* LinearSolver_LU.cpp */ = {isa = PBXFileReference; fileEncoding = 30; lastKnownFileType = sourcecode.cpp.cpp; path = LinearSolver_LU.cpp; sourceTree = "<group>"; };
		1870340FFE93FCAF11CA0CD7 /* English */ = {isa = PBXFileReference; lastKnownFileType = wrapper.nib; name = English; path = English.lproj/main.nib; sourceTree = "<group>"; };
		20286C33FDCF999611CA2CEA /* Carbon.framework */ = {isa = PBXFileReference; lastKnownFileType = wrapper.framework; name = Carbon.framework; path = /System/Library/Frameworks/Carbon.framework; sourceTree = "<absolute>"; };
		4A9504C8FFE6A3BC11CA0CBA /* ApplicationServices.framework */ = {isa = PBXFileReference; lastKnownFileType = wrapper.framework; name = ApplicationServices.framework; path = /System/Library/Frameworks/ApplicationServices.framework; sourceTree = "<absolute>"; };
		4A9504CAFFE6A41611CA0CBA /* CoreServices.framework */ = {isa = PBXFileReference; lastKnownFileType = wrapper.framework; name = CoreServices.framework; path = /System/Library/Frameworks/CoreServices.framework; sourceTree = "<absolute>"; };
		5048396D09E3307300765E4B /* uriVL Demo Proj.xcconfig */ = {isa = PBXFileReference; fileEncoding = 30; lastKnownFileType = text.xcconfig; path = "uriVL Demo Proj.xcconfig"; sourceTree = "<group>"; };
		5048396E09E3307300765E4B /* uriVL Demo Target.xcconfig */ = {isa = PBXFileReference; fileEncoding = 30; lastKnownFileType = text.xcconfig; path = "uriVL Demo Target.xcconfig"; sourceTree = "<group>"; };
		508344B209E5C41E0093A071 /* Stereo Disparity Viewer - Source - QT - Debug.app */ = {isa = PBXFileReference; explicitFileType = wrapper.application; includeInIndex = 0; path = "Stereo Disparity Viewer - Source - QT - Debug.app"; sourceTree = BUILT_PRODUCTS_DIR; };
		8D0C4E960486CD37000505A6 /* Info.plist */ = {isa = PBXFileReference; fileEncoding = 4; lastKnownFileType = text.plist.xml; path = Info.plist; sourceTree = "<group>"; };
		93D4963810AC77D0005D9AB3 /* LinearSolverRecord.cpp */ = {isa = PBXFileReference; fileEncoding = 4; lastKnownFileType = sourcecode.cpp.cpp; path = LinearSolverRecord.cpp; sourceTree = "<group>"; };
		93D4963D10AC77F9005D9AB3 /* LinearSolverRecord.h */ = {isa = PBXFileReference; fileEncoding = 4; lastKnownFileType = sourcecode.c.h; path = LinearSolverRecord.h; sourceTree = "<group>"; };
		93D7E79F17615D580043D497 /* FreeImage.h */ = {isa = PBXFileReference; fileEncoding = 4; lastKnownFileType = sourcecode.c.h; name = FreeImage.h; path = include/FreeImage.h; sourceTree = macports; };
		93D7E7A017615D580043D497 /* libfreeimage.a */ = {isa = PBXFileReference; lastKnownFileType = archive.ar; name = libfreeimage.a; path = lib/libfreeimage.a; sourceTree = macports; };
		93D7E7A117615D580043D497 /* libfreeimage.dylib */ = {isa = PBXFileReference; lastKnownFileType = "compiled.mach-o.dylib"; name = libfreeimage.dylib; path = lib/libfreeimage.dylib; sourceTree = macports; };
		93D7E7AC17615DB10043D497 /* _FrameGrabber_libvidcap.h */ = {isa = PBXFileReference; fileEncoding = 4; lastKnownFileType = sourcecode.c.h; path = _FrameGrabber_libvidcap.h; sourceTree = "<group>"; };
		93D7E7AD17615DB10043D497 /* _FrameGrabber_QT.h */ = {isa = PBXFileReference; fileEncoding = 4; lastKnownFileType = sourcecode.c.h; path = _FrameGrabber_QT.h; sourceTree = "<group>"; };
		93D7E7AE17615DB10043D497 /* _GraphWorld_gen.h */ = {isa = PBXFileReference; fileEncoding = 4; lastKnownFileType = sourcecode.c.h; path = _GraphWorld_gen.h; sourceTree = "<group>"; };
		93D7E7AF17615DB10043D497 /* _GraphWorld_QT.h */ = {isa = PBXFileReference; fileEncoding = 4; lastKnownFileType = sourcecode.c.h; path = _GraphWorld_QT.h; sourceTree = "<group>"; };
		93D7E7B017615DB10043D497 /* _ImageReader_FreeImage.h */ = {isa = PBXFileReference; fileEncoding = 4; lastKnownFileType = sourcecode.c.h; path = _ImageReader_FreeImage.h; sourceTree = "<group>"; };
		93D7E7B117615DB10043D497 /* _ImageReader_hack.h */ = {isa = PBXFileReference; fileEncoding = 4; lastKnownFileType = sourcecode.c.h; path = _ImageReader_hack.h; sourceTree = "<group>"; };
		93D7E7B217615DB10043D497 /* _ImageReader_QT.h */ = {isa = PBXFileReference; fileEncoding = 4; lastKnownFileType = sourcecode.c.h; path = _ImageReader_QT.h; sourceTree = "<group>"; };
		93D7E7B317615DB10043D497 /* _ImageTransformation_FreeImage.h */ = {isa = PBXFileReference; fileEncoding = 4; lastKnownFileType = sourcecode.c.h; path = _ImageTransformation_FreeImage.h; sourceTree = "<group>"; };
		93D7E7B417615DB10043D497 /* _ImageTransformation_QT.h */ = {isa = PBXFileReference; fileEncoding = 4; lastKnownFileType = sourcecode.c.h; path = _ImageTransformation_QT.h; sourceTree = "<group>"; };
		93D7E7B517615DB10043D497 /* _ImageWriter_FreeImage.h */ = {isa = PBXFileReference; fileEncoding = 4; lastKnownFileType = sourcecode.c.h; path = _ImageWriter_FreeImage.h; sourceTree = "<group>"; };
		93D7E7B617615DB10043D497 /* _ImageWriter_hack.h */ = {isa = PBXFileReference; fileEncoding = 4; lastKnownFileType = sourcecode.c.h; path = _ImageWriter_hack.h; sourceTree = "<group>"; };
		93D7E7B717615DB10043D497 /* _ImageWriter_QT.h */ = {isa = PBXFileReference; fileEncoding = 4; lastKnownFileType = sourcecode.c.h; path = _ImageWriter_QT.h; sourceTree = "<group>"; };
		93D7E7B817615DB10043D497 /* _MoviePlayer_libquicktime.h */ = {isa = PBXFileReference; fileEncoding = 4; lastKnownFileType = sourcecode.c.h; path = _MoviePlayer_libquicktime.h; sourceTree = "<group>"; };
		93D7E7B917615DB10043D497 /* _MoviePlayer_QT.h */ = {isa = PBXFileReference; fileEncoding = 4; lastKnownFileType = sourcecode.c.h; path = _MoviePlayer_QT.h; sourceTree = "<group>"; };
		93D7E7BB17615DB10043D497 /* _FrameGrabber_gen.cpp */ = {isa = PBXFileReference; fileEncoding = 4; lastKnownFileType = sourcecode.cpp.cpp; path = _FrameGrabber_gen.cpp; sourceTree = "<group>"; };
		93D7E7BC17615DB10043D497 /* _FrameGrabber_QT.cpp */ = {isa = PBXFileReference; fileEncoding = 4; lastKnownFileType = sourcecode.cpp.cpp; path = _FrameGrabber_QT.cpp; sourceTree = "<group>"; };
		93D7E7BD17615DB10043D497 /* _GraphWorld_gen.cpp */ = {isa = PBXFileReference; fileEncoding = 4; lastKnownFileType = sourcecode.cpp.cpp; path = _GraphWorld_gen.cpp; sourceTree = "<group>"; };
		93D7E7BE17615DB10043D497 /* _GraphWorld_QT.cpp */ = {isa = PBXFileReference; fileEncoding = 4; lastKnownFileType = sourcecode.cpp.cpp; path = _GraphWorld_QT.cpp; sourceTree = "<group>"; };
		93D7E7BF17615DB10043D497 /* _ImageReader_FreeImage.cpp */ = {isa = PBXFileReference; fileEncoding = 4; lastKnownFileType = sourcecode.cpp.cpp; path = _ImageReader_FreeImage.cpp; sourceTree = "<group>"; };
		93D7E7C017615DB10043D497 /* _ImageReader_hack.cpp */ = {isa = PBXFileReference; fileEncoding = 4; lastKnownFileType = sourcecode.cpp.cpp; path = _ImageReader_hack.cpp; sourceTree = "<group>"; };
		93D7E7C117615DB10043D497 /* _ImageReader_QT.cpp */ = {isa = PBXFileReference; fileEncoding = 4; lastKnownFileType = sourcecode.cpp.cpp; path = _ImageReader_QT.cpp; sourceTree = "<group>"; };
		93D7E7C217615DB10043D497 /* _ImageTransformation_FreeImage.cpp */ = {isa = PBXFileReference; fileEncoding = 4; lastKnownFileType = sourcecode.cpp.cpp; path = _ImageTransformation_FreeImage.cpp; sourceTree = "<group>"; };
		93D7E7C317615DB10043D497 /* _ImageTransformation_QT.cpp */ = {isa = PBXFileReference; fileEncoding = 4; lastKnownFileType = sourcecode.cpp.cpp; path = _ImageTransformation_QT.cpp; sourceTree = "<group>"; };
		93D7E7C417615DB10043D497 /* _ImageWriter_FreeImage.cpp */ = {isa = PBXFileReference; fileEncoding = 4; lastKnownFileType = sourcecode.cpp.cpp; path = _ImageWriter_FreeImage.cpp; sourceTree = "<group>"; };
		93D7E7C517615DB10043D497 /* _ImageWriter_hack.cpp */ = {isa = PBXFileReference; fileEncoding = 4; lastKnownFileType = sourcecode.cpp.cpp; path = _ImageWriter_hack.cpp; sourceTree = "<group>"; };
		93D7E7C617615DB10043D497 /* _ImageWriter_QT.cpp */ = {isa = PBXFileReference; fileEncoding = 4; lastKnownFileType = sourcecode.cpp.cpp; path = _ImageWriter_QT.cpp; sourceTree = "<group>"; };
		93D7E7C717615DB10043D497 /* _MoviePlayer_libquicktime.cpp */ = {isa = PBXFileReference; fileEncoding = 4; lastKnownFileType = sourcecode.cpp.cpp; path = _MoviePlayer_libquicktime.cpp; sourceTree = "<group>"; };
		93D7E7C817615DB10043D497 /* _MoviePlayer_QT.cpp */ = {isa = PBXFileReference; fileEncoding = 4; lastKnownFileType = sourcecode.cpp.cpp; path = _MoviePlayer_QT.cpp; sourceTree = "<group>"; };
		93EFF6C01738161B00714B43 /* dataFolderPath.h */ = {isa = PBXFileReference; fileEncoding = 4; lastKnownFileType = sourcecode.c.h; name = dataFolderPath.h; path = ../../../../../dataFolderPath.h; sourceTree = SOURCE_ROOT; };
/* End PBXFileReference section */

/* Begin PBXFrameworksBuildPhase section */
		16D8EB190B8A76F300916EFD /* Frameworks */ = {
			isa = PBXFrameworksBuildPhase;
			buildActionMask = 2147483647;
			files = (
				16D8EB350B8A77C500916EFD /* Carbon.framework in Frameworks */,
				16D8EB360B8A77C500916EFD /* GLUT.framework in Frameworks */,
				16D8EB370B8A77C500916EFD /* OpenGL.framework in Frameworks */,
				16D8EB380B8A77C500916EFD /* QuickTime.framework in Frameworks */,
				16CA59EA0B8BBD5D00BBE774 /* uriVisionLib-QT.framework in Frameworks */,
				93D7E7A617615D580043D497 /* libfreeimage.a in Frameworks */,
				93D7E7A717615D580043D497 /* libfreeimage.dylib in Frameworks */,
			);
			runOnlyForDeploymentPostprocessing = 0;
		};
		16D8EB230B8A773C00916EFD /* Frameworks */ = {
			isa = PBXFrameworksBuildPhase;
			buildActionMask = 2147483647;
			files = (
				16D8EB440B8A780100916EFD /* Carbon.framework in Frameworks */,
				16D8EB450B8A780100916EFD /* GLUT.framework in Frameworks */,
				16D8EB460B8A780100916EFD /* OpenGL.framework in Frameworks */,
				16CA59EB0B8BBD5D00BBE774 /* uriVisionLib-generic.framework in Frameworks */,
				93D7E7A817615D580043D497 /* libfreeimage.a in Frameworks */,
				93D7E7A917615D580043D497 /* libfreeimage.dylib in Frameworks */,
			);
			runOnlyForDeploymentPostprocessing = 0;
		};
		16DBAF5B0B7CFEE30027A882 /* Frameworks */ = {
			isa = PBXFrameworksBuildPhase;
			buildActionMask = 2147483647;
			files = (
				16DBAF640B7CFF6B0027A882 /* Carbon.framework in Frameworks */,
				16DBAF620B7CFF5F0027A882 /* OpenGL.framework in Frameworks */,
				16DBAF630B7CFF6B0027A882 /* GLUT.framework in Frameworks */,
				93D7E7A417615D580043D497 /* libfreeimage.a in Frameworks */,
				93D7E7A517615D580043D497 /* libfreeimage.dylib in Frameworks */,
			);
			runOnlyForDeploymentPostprocessing = 0;
		};
		8D0C4E910486CD37000505A6 /* Frameworks */ = {
			isa = PBXFrameworksBuildPhase;
			buildActionMask = 2147483647;
			files = (
				8D0C4E920486CD37000505A6 /* Carbon.framework in Frameworks */,
				165B99820AF97153004F8A31 /* GLUT.framework in Frameworks */,
				165B99860AF9715D004F8A31 /* OpenGL.framework in Frameworks */,
				165B998A0AF97165004F8A31 /* QuickTime.framework in Frameworks */,
				93D7E7A217615D580043D497 /* libfreeimage.a in Frameworks */,
				93D7E7A317615D580043D497 /* libfreeimage.dylib in Frameworks */,
			);
			runOnlyForDeploymentPostprocessing = 0;
		};
/* End PBXFrameworksBuildPhase section */

/* Begin PBXGroup section */
		1665B6CA0B8DA094005FE3EE /* uriBase */ = {
			isa = PBXGroup;
			children = (
				1665B6CB0B8DA094005FE3EE /* uriVisionLib.h */,
				1665B6CC0B8DA094005FE3EE /* ErrorReport.h */,
				1665B6CD0B8DA094005FE3EE /* ImagePoint.h */,
				1665B6CE0B8DA094005FE3EE /* ImagePoint_F.h */,
				1665B6CF0B8DA094005FE3EE /* ImageRect.h */,
				1665B6D00B8DA094005FE3EE /* DrawableObject2D.h */,
				1665B6D10B8DA094005FE3EE /* GraphWorld.h */,
				1665B6D40B8DA094005FE3EE /* RasterImage.h */,
				1665B6D50B8DA094005FE3EE /* RasterImage_HSV.h */,
				1665B6D80B8DA094005FE3EE /* RasterImage_RGB.h */,
				1665B6D90B8DA094005FE3EE /* RasterImage_RGBa.h */,
				1665B6DA0B8DA094005FE3EE /* RasterImage_RGBa_F.h */,
				1665B6DC0B8DA094005FE3EE /* RasterImage_binary.h */,
				16A8E1ED0DD53242005EBDCA /* RasterImage_aRGB16.h */,
				1665B6DD0B8DA094005FE3EE /* RasterImage_gray.h */,
				1665B6DE0B8DA094005FE3EE /* RasterImage_gray_F.h */,
			);
			path = uriBase;
			sourceTree = "<group>";
		};
		1665B7350B8DA095005FE3EE /* uriComputerVision */ = {
			isa = PBXGroup;
			children = (
				1665B73C0B8DA095005FE3EE /* DepthMap.h */,
				1665B73F0B8DA095005FE3EE /* ElevationMap.h */,
				1665B7400B8DA095005FE3EE /* Entity3D.h */,
				1665B7490B8DA095005FE3EE /* Point3D.h */,
				1665B74A0B8DA095005FE3EE /* RangeMap.h */,
				1665B7510B8DA095005FE3EE /* ReferenceFrame3D.h */,
				16FCD2040B8F377400A8A7EC /* IntrinsicParameters_pinhole.h */,
				16FCD2050B8F377400A8A7EC /* IntrinsicParameters.h */,
				16FCD2140B8F3CCE00A8A7EC /* Translation3D.h */,
				16FCD2150B8F3CCE00A8A7EC /* Transformation3D.h */,
				16FCD2160B8F3CCE00A8A7EC /* Rotation3D.h */,
				16FCD2170B8F3CCE00A8A7EC /* RigidTransformation3D.h */,
			);
			path = uriComputerVision;
			sourceTree = "<group>";
		};
		1665B7A80B8DA096005FE3EE /* uriVideoSources */ = {
			isa = PBXGroup;
			children = (
				1665B7AC0B8DA096005FE3EE /* VideoSource.h */,
				1665B7A90B8DA096005FE3EE /* ImageReader.h */,
			);
			path = uriVideoSources;
			sourceTree = "<group>";
		};
		1665B7AD0B8DA152005FE3EE /* uriBase */ = {
			isa = PBXGroup;
			children = (
				1665B7AE0B8DA152005FE3EE /* DrawableObject2D.cpp */,
				1665B7AF0B8DA152005FE3EE /* ErrorReport.cpp */,
				1665B7B00B8DA152005FE3EE /* GraphWorld.cpp */,
				1665B7B40B8DA152005FE3EE /* ImagePoint.cpp */,
				1665B7B50B8DA152005FE3EE /* ImagePoint_F.cpp */,
				1665B7B60B8DA152005FE3EE /* ImageRect.cpp */,
				1665B7B70B8DA152005FE3EE /* RasterImage.cpp */,
				1665B7B80B8DA152005FE3EE /* RasterImage_HSV.cpp */,
				1665B7BB0B8DA152005FE3EE /* RasterImage_RGB.cpp */,
				1665B7BC0B8DA152005FE3EE /* RasterImage_RGBa.cpp */,
				1665B7BD0B8DA152005FE3EE /* RasterImage_RGBa_F.cpp */,
				1665B7BE0B8DA152005FE3EE /* RasterImage_aRGB16.cpp */,
				1665B7BF0B8DA152005FE3EE /* RasterImage_binary.cpp */,
				1665B7C00B8DA152005FE3EE /* RasterImage_gray.cpp */,
				1665B7C10B8DA152005FE3EE /* RasterImage_gray_F.cpp */,
			);
			path = uriBase;
			sourceTree = "<group>";
		};
		1665B8120B8DA153005FE3EE /* uriComputerVision */ = {
			isa = PBXGroup;
			children = (
				16FCD1FE0B8F375E00A8A7EC /* IntrinsicParameters_pinhole.cpp */,
				16FCD1FF0B8F375E00A8A7EC /* IntrinsicParameters.cpp */,
				1665B8190B8DA153005FE3EE /* DepthMap.cpp */,
				1665B81C0B8DA153005FE3EE /* ElevationMap.cpp */,
				16FCD1FB0B8F374600A8A7EC /* ReferenceFrame3D.cpp */,
				1665B81D0B8DA153005FE3EE /* Entity3D.cpp */,
				1665B8250B8DA153005FE3EE /* Point3D.cpp */,
				1665B8260B8DA153005FE3EE /* RangeMap.cpp */,
				16FCD2180B8F3CF900A8A7EC /* Transformation3D.cpp */,
				16FCD2190B8F3CF900A8A7EC /* Translation3D.cpp */,
				16FCD21A0B8F3CF900A8A7EC /* Rotation3D.cpp */,
				16FCD21B0B8F3CF900A8A7EC /* RigidTransformation3D.cpp */,
			);
			path = uriComputerVision;
			sourceTree = "<group>";
		};
		1665B8820B8DA154005FE3EE /* uriVideoSources */ = {
			isa = PBXGroup;
			children = (
				1665B8860B8DA154005FE3EE /* VideoSource.cpp */,
				1665B8830B8DA154005FE3EE /* ImageReader.cpp */,
			);
			path = uriVideoSources;
			sourceTree = "<group>";
		};
		16CA59E60B8BBD5D00BBE774 /* Frameworks */ = {
			isa = PBXGroup;
			children = (
				16CA59E70B8BBD5D00BBE774 /* uriVisionLib-generic.framework */,
				16CA59E80B8BBD5D00BBE774 /* uriVisionLib-QT.framework */,
			);
			name = Frameworks;
			path = "Libraries/Mac OS/Frameworks";
			sourceTree = uriVisionLib;
		};
		16DF8F490A8D1E7B0035090C /* uriVisionLib */ = {
			isa = PBXGroup;
			children = (
				16DF8FCC0A8D1FB60035090C /* Headers */,
				16DF8FCB0A8D1FA20035090C /* Source */,
				93D7E7AA17615DB10043D497 /* _uriPrivateClasses */,
				16CA59E60B8BBD5D00BBE774 /* Frameworks */,
			);
			name = uriVisionLib;
			sourceTree = "<group>";
		};
		16DF8FCB0A8D1FA20035090C /* Source */ = {
			isa = PBXGroup;
			children = (
				1665B7AD0B8DA152005FE3EE /* uriBase */,
				16FCD1050B8F32DA00A8A7EC /* uriImageProcessing */,
				16FCD0E30B8F32C200A8A7EC /* uriGraphics */,
				16FCD2210B8F3D3C00A8A7EC /* uriNumerical */,
				1665B8120B8DA153005FE3EE /* uriComputerVision */,
				1665B8820B8DA154005FE3EE /* uriVideoSources */,
			);
			name = Source;
			path = "../Development/Source/C++";
			sourceTree = uriVisionLib;
		};
		16DF8FCC0A8D1FB60035090C /* Headers */ = {
			isa = PBXGroup;
			children = (
				1665B6CA0B8DA094005FE3EE /* uriBase */,
				16FCD0500B8F30D900A8A7EC /* uriImageProcessing */,
				16FCD0A30B8F31AB00A8A7EC /* uriNumerical */,
				16FCD0CB0B8F323D00A8A7EC /* uriGraphics */,
				1665B7350B8DA095005FE3EE /* uriComputerVision */,
				1665B7A80B8DA096005FE3EE /* uriVideoSources */,
			);
			path = Headers;
			sourceTree = uriVisionLib;
		};
		16FCD0500B8F30D900A8A7EC /* uriImageProcessing */ = {
			isa = PBXGroup;
			children = (
				16FCD0970B8F30DA00A8A7EC /* RigidTransformation2D.h */,
				16FCD0980B8F30DA00A8A7EC /* Rotation2D.h */,
				16FCD09D0B8F30DA00A8A7EC /* Transformation2D.h */,
				16FCD09E0B8F30DA00A8A7EC /* Translation2D.h */,
			);
			path = uriImageProcessing;
			sourceTree = "<group>";
		};
		16FCD0A30B8F31AB00A8A7EC /* uriNumerical */ = {
			isa = PBXGroup;
			children = (
				169986CA106F508D00D4F6D9 /* RandomGenerator_C.h */,
				169986CB106F508D00D4F6D9 /* RandomGenerator.h */,
				16FCD2A40B8F3E2C00A8A7EC /* LinearSolver.h */,
				93D4963D10AC77F9005D9AB3 /* LinearSolverRecord.h */,
				16FCD2A50B8F3E2C00A8A7EC /* LinearSolver_LU.h */,
				16FCD0A40B8F31AB00A8A7EC /* ColumnVector.h */,
				16FCD0B00B8F31AB00A8A7EC /* HomogeneousMatrix.h */,
				16FCD0BB0B8F31AB00A8A7EC /* Matrix.h */,
				16FCD0C60B8F31AB00A8A7EC /* Quaternion.h */,
				16FCD0C80B8F31AB00A8A7EC /* RowVector.h */,
			);
			path = uriNumerical;
			sourceTree = "<group>";
		};
		16FCD0CB0B8F323D00A8A7EC /* uriGraphics */ = {
			isa = PBXGroup;
			children = (
				16FCD0CF0B8F323D00A8A7EC /* GlUtils.h */,
				16FCD0D00B8F323D00A8A7EC /* GraphicComponent3D.h */,
				16FCD0D70B8F323D00A8A7EC /* PolyMesh3D.h */,
			);
			path = uriGraphics;
			sourceTree = "<group>";
		};
		16FCD0E30B8F32C200A8A7EC /* uriGraphics */ = {
			isa = PBXGroup;
			children = (
				16FCD0E70B8F32C200A8A7EC /* GlUtils.cpp */,
				16FCD0E80B8F32C200A8A7EC /* GraphicComponent3D.cpp */,
				16FCD0EC0B8F32C200A8A7EC /* PolyMesh3D.cpp */,
			);
			path = uriGraphics;
			sourceTree = "<group>";
		};
		16FCD1050B8F32DA00A8A7EC /* uriImageProcessing */ = {
			isa = PBXGroup;
			children = (
				16FCD14A0B8F32DC00A8A7EC /* RigidTransformation2D.cpp */,
				16FCD14B0B8F32DC00A8A7EC /* Rotation2D.cpp */,
				16FCD14F0B8F32DC00A8A7EC /* Transformation2D.cpp */,
				16FCD1500B8F32DC00A8A7EC /* Translation2D.cpp */,
			);
			path = uriImageProcessing;
			sourceTree = "<group>";
		};
		16FCD2210B8F3D3C00A8A7EC /* uriNumerical */ = {
			isa = PBXGroup;
			children = (
				169986C2106F506000D4F6D9 /* RandomGenerator_C.cpp */,
				169986C3106F506000D4F6D9 /* RandomGenerator.cpp */,
				16FCD2220B8F3D3C00A8A7EC /* ColumnVector.cpp */,
				16FCD2C30B8F3FCD00A8A7EC /* LinearSolver_LU.cpp */,
				16FCD22D0B8F3D3D00A8A7EC /* HomogeneousMatrix.cpp */,
				16FCD2BF0B8F3F9900A8A7EC /* LinearSolver.cpp */,
				93D4963810AC77D0005D9AB3 /* LinearSolverRecord.cpp */,
				16FCD2380B8F3D3D00A8A7EC /* Matrix.cpp */,
				16FCD2430B8F3D3D00A8A7EC /* Quaternion.cpp */,
				16FCD2450B8F3D3D00A8A7EC /* RowVector.cpp */,
			);
			path = uriNumerical;
			sourceTree = "<group>";
		};
		195DF8CFFE9D517E11CA2CBB /* Products */ = {
			isa = PBXGroup;
			children = (
				508344B209E5C41E0093A071 /* Stereo Disparity Viewer - Source - QT - Debug.app */,
				16DBAF5D0B7CFEE30027A882 /* Stereo Disparity Viewer - Source - generic - Debug.app */,
				16D8EB1B0B8A76F300916EFD /* Stereo Disparity Viewer - Framework - QT - Debug.app */,
				16D8EB250B8A773C00916EFD /* Stereo Disparity Viewer - Framework - generic - Debug.app */,
			);
			name = Products;
			sourceTree = "<group>";
		};
		20286C29FDCF999611CA2CEA /* Simple IO */ = {
			isa = PBXGroup;
			children = (
				16DF8F490A8D1E7B0035090C /* uriVisionLib */,
				5048396909E3304600765E4B /* Configuration Files */,
				20286C2AFDCF999611CA2CEA /* Sources */,
				20286C2CFDCF999611CA2CEA /* Resources */,
				20286C32FDCF999611CA2CEA /* External Frameworks and Libraries */,
				195DF8CFFE9D517E11CA2CBB /* Products */,
			);
			name = "Simple IO";
			sourceTree = "<group>";
		};
		20286C2AFDCF999611CA2CEA /* Sources */ = {
			isa = PBXGroup;
			children = (
				16FCC2BB0B8F2E7500A8A7EC /* main_stereo.cpp */,
				93EFF6C01738161B00714B43 /* dataFolderPath.h */,
				16D8EA760B8A69DD00916EFD /* Source_QT_Prefix.pch */,
				16D8EA750B8A69CC00916EFD /* Source_generic_Prefix.pch */,
				16D8EB2C0B8A777F00916EFD /* Framework_QT_Prefix.pch */,
				16D8EB2B0B8A777500916EFD /* Framework_generic_Prefix.pch */,
			);
			name = Sources;
			sourceTree = "<group>";
		};
		20286C2CFDCF999611CA2CEA /* Resources */ = {
			isa = PBXGroup;
			children = (
				8D0C4E960486CD37000505A6 /* Info.plist */,
				0867D6AAFE840B52C02AAC07 /* InfoPlist.strings */,
				02345980000FD03B11CA0E72 /* main.nib */,
			);
			name = Resources;
			sourceTree = "<group>";
		};
		20286C32FDCF999611CA2CEA /* External Frameworks and Libraries */ = {
			isa = PBXGroup;
			children = (
				93D7E79F17615D580043D497 /* FreeImage.h */,
				93D7E7A017615D580043D497 /* libfreeimage.a */,
				93D7E7A117615D580043D497 /* libfreeimage.dylib */,
				165B99890AF97165004F8A31 /* QuickTime.framework */,
				165B99850AF9715D004F8A31 /* OpenGL.framework */,
				165B99810AF97153004F8A31 /* GLUT.framework */,
				20286C33FDCF999611CA2CEA /* Carbon.framework */,
				4A9504CAFFE6A41611CA0CBA /* CoreServices.framework */,
				4A9504C8FFE6A3BC11CA0CBA /* ApplicationServices.framework */,
			);
			name = "External Frameworks and Libraries";
			sourceTree = "<group>";
		};
		5048396909E3304600765E4B /* Configuration Files */ = {
			isa = PBXGroup;
			children = (
				5048396D09E3307300765E4B /* uriVL Demo Proj.xcconfig */,
				5048396E09E3307300765E4B /* uriVL Demo Target.xcconfig */,
			);
			name = "Configuration Files";
			sourceTree = "<group>";
		};
		93D7E7AA17615DB10043D497 /* _uriPrivateClasses */ = {
			isa = PBXGroup;
			children = (
				93D7E7AB17615DB10043D497 /* Headers */,
				93D7E7BA17615DB10043D497 /* Source */,
			);
			name = _uriPrivateClasses;
			path = "../Development/Source/C++/_uriPrivateClasses";
			sourceTree = uriVisionLib;
		};
		93D7E7AB17615DB10043D497 /* Headers */ = {
			isa = PBXGroup;
			children = (
				93D7E7AC17615DB10043D497 /* _FrameGrabber_libvidcap.h */,
				93D7E7AD17615DB10043D497 /* _FrameGrabber_QT.h */,
				93D7E7AE17615DB10043D497 /* _GraphWorld_gen.h */,
				93D7E7AF17615DB10043D497 /* _GraphWorld_QT.h */,
				93D7E7B017615DB10043D497 /* _ImageReader_FreeImage.h */,
				93D7E7B117615DB10043D497 /* _ImageReader_hack.h */,
				93D7E7B217615DB10043D497 /* _ImageReader_QT.h */,
				93D7E7B317615DB10043D497 /* _ImageTransformation_FreeImage.h */,
				93D7E7B417615DB10043D497 /* _ImageTransformation_QT.h */,
				93D7E7B517615DB10043D497 /* _ImageWriter_FreeImage.h */,
				93D7E7B617615DB10043D497 /* _ImageWriter_hack.h */,
				93D7E7B717615DB10043D497 /* _ImageWriter_QT.h */,
				93D7E7B817615DB10043D497 /* _MoviePlayer_libquicktime.h */,
				93D7E7B917615DB10043D497 /* _MoviePlayer_QT.h */,
			);
			path = Headers;
			sourceTree = "<group>";
		};
		93D7E7BA17615DB10043D497 /* Source */ = {
			isa = PBXGroup;
			children = (
				93D7E7BB17615DB10043D497 /* _FrameGrabber_gen.cpp */,
				93D7E7BC17615DB10043D497 /* _FrameGrabber_QT.cpp */,
				93D7E7BD17615DB10043D497 /* _GraphWorld_gen.cpp */,
				93D7E7BE17615DB10043D497 /* _GraphWorld_QT.cpp */,
				93D7E7BF17615DB10043D497 /* _ImageReader_FreeImage.cpp */,
				93D7E7C017615DB10043D497 /* _ImageReader_hack.cpp */,
				93D7E7C117615DB10043D497 /* _ImageReader_QT.cpp */,
				93D7E7C217615DB10043D497 /* _ImageTransformation_FreeImage.cpp */,
				93D7E7C317615DB10043D497 /* _ImageTransformation_QT.cpp */,
				93D7E7C417615DB10043D497 /* _ImageWriter_FreeImage.cpp */,
				93D7E7C517615DB10043D497 /* _ImageWriter_hack.cpp */,
				93D7E7C617615DB10043D497 /* _ImageWriter_QT.cpp */,
				93D7E7C717615DB10043D497 /* _MoviePlayer_libquicktime.cpp */,
				93D7E7C817615DB10043D497 /* _MoviePlayer_QT.cpp */,
			);
			path = Source;
			sourceTree = "<group>";
		};
/* End PBXGroup section */

/* Begin PBXNativeTarget section */
		16D8EB1A0B8A76F300916EFD /* Framework - QT */ = {
			isa = PBXNativeTarget;
			buildConfigurationList = 16D8EB1E0B8A76F500916EFD /* Build configuration list for PBXNativeTarget "Framework - QT" */;
			buildPhases = (
				16D8EB170B8A76F300916EFD /* Resources */,
				16D8EB180B8A76F300916EFD /* Sources */,
				16D8EB190B8A76F300916EFD /* Frameworks */,
			);
			buildRules = (
			);
			dependencies = (
			);
			name = "Framework - QT";
			productName = "Framework - QT";
			productReference = 16D8EB1B0B8A76F300916EFD /* Stereo Disparity Viewer - Framework - QT - Debug.app */;
			productType = "com.apple.product-type.application";
		};
		16D8EB240B8A773C00916EFD /* Framework - generic */ = {
			isa = PBXNativeTarget;
			buildConfigurationList = 16D8EB280B8A773E00916EFD /* Build configuration list for PBXNativeTarget "Framework - generic" */;
			buildPhases = (
				16D8EB210B8A773C00916EFD /* Resources */,
				16D8EB220B8A773C00916EFD /* Sources */,
				16D8EB230B8A773C00916EFD /* Frameworks */,
			);
			buildRules = (
			);
			dependencies = (
			);
			name = "Framework - generic";
			productName = "Framework - generic";
			productReference = 16D8EB250B8A773C00916EFD /* Stereo Disparity Viewer - Framework - generic - Debug.app */;
			productType = "com.apple.product-type.application";
		};
		16DBAF5C0B7CFEE30027A882 /* Source - generic */ = {
			isa = PBXNativeTarget;
			buildConfigurationList = 16DBAF5F0B7CFF050027A882 /* Build configuration list for PBXNativeTarget "Source - generic" */;
			buildPhases = (
				16DBAF590B7CFEE30027A882 /* Resources */,
				16DBAF5A0B7CFEE30027A882 /* Sources */,
				16DBAF5B0B7CFEE30027A882 /* Frameworks */,
			);
			buildRules = (
			);
			dependencies = (
			);
			name = "Source - generic";
			productName = "Simple IO - generic";
			productReference = 16DBAF5D0B7CFEE30027A882 /* Stereo Disparity Viewer - Source - generic - Debug.app */;
			productType = "com.apple.product-type.application";
		};
		8D0C4E890486CD37000505A6 /* Source - QT */ = {
			isa = PBXNativeTarget;
			buildConfigurationList = C0E91AC508A95435008D54AB /* Build configuration list for PBXNativeTarget "Source - QT" */;
			buildPhases = (
				8D0C4E8C0486CD37000505A6 /* Resources */,
				8D0C4E8F0486CD37000505A6 /* Sources */,
				8D0C4E910486CD37000505A6 /* Frameworks */,
			);
			buildRules = (
			);
			dependencies = (
			);
			name = "Source - QT";
			productInstallPath = "$(HOME)/Applications";
			productName = "Simple IO";
			productReference = 508344B209E5C41E0093A071 /* Stereo Disparity Viewer - Source - QT - Debug.app */;
			productType = "com.apple.product-type.application";
		};
/* End PBXNativeTarget section */

/* Begin PBXProject section */
		20286C28FDCF999611CA2CEA /* Project object */ = {
			isa = PBXProject;
			attributes = {
				ORGANIZATIONNAME = "3DG, Univ. of Rhode Island";
			};
			buildConfigurationList = C0E91AC908A95435008D54AB /* Build configuration list for PBXProject "Stereo Disparity Viewer" */;
			compatibilityVersion = "Xcode 3.2";
			developmentRegion = English;
			hasScannedForEncodings = 1;
			knownRegions = (
				English,
				Japanese,
				French,
				German,
			);
			mainGroup = 20286C29FDCF999611CA2CEA /* Simple IO */;
			projectDirPath = "";
			projectRoot = ../../../../../../..;
			targets = (
				8D0C4E890486CD37000505A6 /* Source - QT */,
				16DBAF5C0B7CFEE30027A882 /* Source - generic */,
				16D8EB1A0B8A76F300916EFD /* Framework - QT */,
				16D8EB240B8A773C00916EFD /* Framework - generic */,
			);
		};
/* End PBXProject section */

/* Begin PBXResourcesBuildPhase section */
		16D8EB170B8A76F300916EFD /* Resources */ = {
			isa = PBXResourcesBuildPhase;
			buildActionMask = 2147483647;
			files = (
				16D8EB400B8A77D300916EFD /* InfoPlist.strings in Resources */,
				16D8EB410B8A77D300916EFD /* main.nib in Resources */,
			);
			runOnlyForDeploymentPostprocessing = 0;
		};
		16D8EB210B8A773C00916EFD /* Resources */ = {
			isa = PBXResourcesBuildPhase;
			buildActionMask = 2147483647;
			files = (
				16D8EB420B8A77F900916EFD /* InfoPlist.strings in Resources */,
				16D8EB430B8A77F900916EFD /* main.nib in Resources */,
			);
			runOnlyForDeploymentPostprocessing = 0;
		};
		16DBAF590B7CFEE30027A882 /* Resources */ = {
			isa = PBXResourcesBuildPhase;
			buildActionMask = 2147483647;
			files = (
				16EF5ABB0B80293000BBD3D5 /* InfoPlist.strings in Resources */,
				16EF5AB60B80291A00BBD3D5 /* main.nib in Resources */,
			);
			runOnlyForDeploymentPostprocessing = 0;
		};
		8D0C4E8C0486CD37000505A6 /* Resources */ = {
			isa = PBXResourcesBuildPhase;
			buildActionMask = 2147483647;
			files = (
				8D0C4E8D0486CD37000505A6 /* InfoPlist.strings in Resources */,
				8D0C4E8E0486CD37000505A6 /* main.nib in Resources */,
			);
			runOnlyForDeploymentPostprocessing = 0;
		};
/* End PBXResourcesBuildPhase section */

/* Begin PBXSourcesBuildPhase section */
		16D8EB180B8A76F300916EFD /* Sources */ = {
			isa = PBXSourcesBuildPhase;
			buildActionMask = 2147483647;
			files = (
				16FCC2BE0B8F2E7500A8A7EC /* main_stereo.cpp in Sources */,
			);
			runOnlyForDeploymentPostprocessing = 0;
		};
		16D8EB220B8A773C00916EFD /* Sources */ = {
			isa = PBXSourcesBuildPhase;
			buildActionMask = 2147483647;
			files = (
				16FCC2BF0B8F2E7500A8A7EC /* main_stereo.cpp in Sources */,
			);
			runOnlyForDeploymentPostprocessing = 0;
		};
		16DBAF5A0B7CFEE30027A882 /* Sources */ = {
			isa = PBXSourcesBuildPhase;
			buildActionMask = 2147483647;
			files = (
				1665B9590B8DA154005FE3EE /* DrawableObject2D.cpp in Sources */,
				1665B95A0B8DA154005FE3EE /* ErrorReport.cpp in Sources */,
				1665B95B0B8DA154005FE3EE /* GraphWorld.cpp in Sources */,
				1665B95F0B8DA154005FE3EE /* ImagePoint.cpp in Sources */,
				1665B9600B8DA154005FE3EE /* ImagePoint_F.cpp in Sources */,
				1665B9610B8DA154005FE3EE /* ImageRect.cpp in Sources */,
				1665B9620B8DA154005FE3EE /* RasterImage.cpp in Sources */,
				1665B9630B8DA154005FE3EE /* RasterImage_HSV.cpp in Sources */,
				1665B9660B8DA154005FE3EE /* RasterImage_RGB.cpp in Sources */,
				1665B9670B8DA154005FE3EE /* RasterImage_RGBa.cpp in Sources */,
				1665B9680B8DA154005FE3EE /* RasterImage_RGBa_F.cpp in Sources */,
				1665B96A0B8DA154005FE3EE /* RasterImage_binary.cpp in Sources */,
				1665B96B0B8DA154005FE3EE /* RasterImage_gray.cpp in Sources */,
				1665B96C0B8DA154005FE3EE /* RasterImage_gray_F.cpp in Sources */,
				1665B9C20B8DA154005FE3EE /* DepthMap.cpp in Sources */,
				1665B9C50B8DA154005FE3EE /* ElevationMap.cpp in Sources */,
				1665B9C60B8DA154005FE3EE /* Entity3D.cpp in Sources */,
				1665B9CE0B8DA154005FE3EE /* Point3D.cpp in Sources */,
				1665B9CF0B8DA154005FE3EE /* RangeMap.cpp in Sources */,
				1665BA270B8DA154005FE3EE /* ImageReader.cpp in Sources */,
				1665BA2A0B8DA154005FE3EE /* VideoSource.cpp in Sources */,
				16FCC2BD0B8F2E7500A8A7EC /* main_stereo.cpp in Sources */,
				16FCD0FD0B8F32C200A8A7EC /* GlUtils.cpp in Sources */,
				16FCD0FE0B8F32C200A8A7EC /* GraphicComponent3D.cpp in Sources */,
				16FCD1020B8F32C200A8A7EC /* PolyMesh3D.cpp in Sources */,
				16FCD1E60B8F32DC00A8A7EC /* RigidTransformation2D.cpp in Sources */,
				16FCD1E70B8F32DC00A8A7EC /* Rotation2D.cpp in Sources */,
				16FCD1EB0B8F32DC00A8A7EC /* Transformation2D.cpp in Sources */,
				16FCD1EC0B8F32DC00A8A7EC /* Translation2D.cpp in Sources */,
				16FCD1FD0B8F374600A8A7EC /* ReferenceFrame3D.cpp in Sources */,
				16FCD2020B8F375E00A8A7EC /* IntrinsicParameters_pinhole.cpp in Sources */,
				16FCD2030B8F375E00A8A7EC /* IntrinsicParameters.cpp in Sources */,
				16FCD21C0B8F3CF900A8A7EC /* Transformation3D.cpp in Sources */,
				16FCD21D0B8F3CF900A8A7EC /* Translation3D.cpp in Sources */,
				16FCD21E0B8F3CF900A8A7EC /* Rotation3D.cpp in Sources */,
				16FCD21F0B8F3CF900A8A7EC /* RigidTransformation3D.cpp in Sources */,
				16FCD2470B8F3D3D00A8A7EC /* ColumnVector.cpp in Sources */,
				16FCD2520B8F3D3D00A8A7EC /* HomogeneousMatrix.cpp in Sources */,
				16FCD25D0B8F3D3D00A8A7EC /* Matrix.cpp in Sources */,
				16FCD2680B8F3D3D00A8A7EC /* Quaternion.cpp in Sources */,
				16FCD26A0B8F3D3D00A8A7EC /* RowVector.cpp in Sources */,
				16FCD2C00B8F3F9900A8A7EC /* LinearSolver.cpp in Sources */,
				16FCD2C40B8F3FCD00A8A7EC /* LinearSolver_LU.cpp in Sources */,
				169986C6106F506000D4F6D9 /* RandomGenerator_C.cpp in Sources */,
				169986C7106F506000D4F6D9 /* RandomGenerator.cpp in Sources */,
				93D4963A10AC77D1005D9AB3 /* LinearSolverRecord.cpp in Sources */,
				93D7E7D717615DB10043D497 /* _FrameGrabber_gen.cpp in Sources */,
				93D7E7D817615DB10043D497 /* _FrameGrabber_QT.cpp in Sources */,
				93D7E7D917615DB10043D497 /* _GraphWorld_gen.cpp in Sources */,
				93D7E7DA17615DB10043D497 /* _GraphWorld_QT.cpp in Sources */,
				93D7E7DB17615DB10043D497 /* _ImageReader_FreeImage.cpp in Sources */,
				93D7E7DC17615DB10043D497 /* _ImageReader_hack.cpp in Sources */,
				93D7E7DD17615DB10043D497 /* _ImageReader_QT.cpp in Sources */,
				93D7E7DE17615DB10043D497 /* _ImageTransformation_FreeImage.cpp in Sources */,
				93D7E7DF17615DB10043D497 /* _ImageTransformation_QT.cpp in Sources */,
				93D7E7E017615DB10043D497 /* _ImageWriter_FreeImage.cpp in Sources */,
				93D7E7E117615DB10043D497 /* _ImageWriter_hack.cpp in Sources */,
				93D7E7E217615DB10043D497 /* _ImageWriter_QT.cpp in Sources */,
				93D7E7E317615DB10043D497 /* _MoviePlayer_libquicktime.cpp in Sources */,
				93D7E7E417615DB10043D497 /* _MoviePlayer_QT.cpp in Sources */,
			);
			runOnlyForDeploymentPostprocessing = 0;
		};
		8D0C4E8F0486CD37000505A6 /* Sources */ = {
			isa = PBXSourcesBuildPhase;
			buildActionMask = 2147483647;
			files = (
				1665B8870B8DA154005FE3EE /* DrawableObject2D.cpp in Sources */,
				1665B8880B8DA154005FE3EE /* ErrorReport.cpp in Sources */,
				1665B8890B8DA154005FE3EE /* GraphWorld.cpp in Sources */,
				1665B88D0B8DA154005FE3EE /* ImagePoint.cpp in Sources */,
				1665B88E0B8DA154005FE3EE /* ImagePoint_F.cpp in Sources */,
				1665B88F0B8DA154005FE3EE /* ImageRect.cpp in Sources */,
				1665B8900B8DA154005FE3EE /* RasterImage.cpp in Sources */,
				1665B8910B8DA154005FE3EE /* RasterImage_HSV.cpp in Sources */,
				1665B8940B8DA154005FE3EE /* RasterImage_RGB.cpp in Sources */,
				1665B8950B8DA154005FE3EE /* RasterImage_RGBa.cpp in Sources */,
				1665B8960B8DA154005FE3EE /* RasterImage_RGBa_F.cpp in Sources */,
				1665B8980B8DA154005FE3EE /* RasterImage_binary.cpp in Sources */,
				1665B8990B8DA154005FE3EE /* RasterImage_gray.cpp in Sources */,
				1665B89A0B8DA154005FE3EE /* RasterImage_gray_F.cpp in Sources */,
				1665B8F00B8DA154005FE3EE /* DepthMap.cpp in Sources */,
				1665B8F30B8DA154005FE3EE /* ElevationMap.cpp in Sources */,
				1665B8F40B8DA154005FE3EE /* Entity3D.cpp in Sources */,
				1665B8FC0B8DA154005FE3EE /* Point3D.cpp in Sources */,
				1665B8FD0B8DA154005FE3EE /* RangeMap.cpp in Sources */,
				1665B9550B8DA154005FE3EE /* ImageReader.cpp in Sources */,
				1665B9580B8DA154005FE3EE /* VideoSource.cpp in Sources */,
				16FCC2BC0B8F2E7500A8A7EC /* main_stereo.cpp in Sources */,
				16FCD0F20B8F32C200A8A7EC /* GlUtils.cpp in Sources */,
				16FCD0F30B8F32C200A8A7EC /* GraphicComponent3D.cpp in Sources */,
				16FCD0F70B8F32C200A8A7EC /* PolyMesh3D.cpp in Sources */,
				16FCD1980B8F32DC00A8A7EC /* RigidTransformation2D.cpp in Sources */,
				16FCD1990B8F32DC00A8A7EC /* Rotation2D.cpp in Sources */,
				16FCD19D0B8F32DC00A8A7EC /* Transformation2D.cpp in Sources */,
				16FCD19E0B8F32DC00A8A7EC /* Translation2D.cpp in Sources */,
				16FCD1FC0B8F374600A8A7EC /* ReferenceFrame3D.cpp in Sources */,
				16FCD2000B8F375E00A8A7EC /* IntrinsicParameters_pinhole.cpp in Sources */,
				16FCD2010B8F375E00A8A7EC /* IntrinsicParameters.cpp in Sources */,
				169986AD106F4FDF00D4F6D9 /* RigidTransformation3D.cpp in Sources */,
				169986B0106F4FF400D4F6D9 /* Transformation3D.cpp in Sources */,
				169986B1106F4FF400D4F6D9 /* Translation3D.cpp in Sources */,
				169986B2106F4FF400D4F6D9 /* Rotation3D.cpp in Sources */,
				169986B8106F503E00D4F6D9 /* ColumnVector.cpp in Sources */,
				169986B9106F503E00D4F6D9 /* LinearSolver_LU.cpp in Sources */,
				169986BA106F503E00D4F6D9 /* HomogeneousMatrix.cpp in Sources */,
				169986BB106F503E00D4F6D9 /* LinearSolver.cpp in Sources */,
				169986BC106F503E00D4F6D9 /* Matrix.cpp in Sources */,
				169986BD106F503E00D4F6D9 /* Quaternion.cpp in Sources */,
				169986BE106F503E00D4F6D9 /* RowVector.cpp in Sources */,
				169986C4106F506000D4F6D9 /* RandomGenerator_C.cpp in Sources */,
				169986C5106F506000D4F6D9 /* RandomGenerator.cpp in Sources */,
				93D4963910AC77D1005D9AB3 /* LinearSolverRecord.cpp in Sources */,
				93D7E7C917615DB10043D497 /* _FrameGrabber_gen.cpp in Sources */,
				93D7E7CA17615DB10043D497 /* _FrameGrabber_QT.cpp in Sources */,
				93D7E7CB17615DB10043D497 /* _GraphWorld_gen.cpp in Sources */,
				93D7E7CC17615DB10043D497 /* _GraphWorld_QT.cpp in Sources */,
				93D7E7CD17615DB10043D497 /* _ImageReader_FreeImage.cpp in Sources */,
				93D7E7CE17615DB10043D497 /* _ImageReader_hack.cpp in Sources */,
				93D7E7CF17615DB10043D497 /* _ImageReader_QT.cpp in Sources */,
				93D7E7D017615DB10043D497 /* _ImageTransformation_FreeImage.cpp in Sources */,
				93D7E7D117615DB10043D497 /* _ImageTransformation_QT.cpp in Sources */,
				93D7E7D217615DB10043D497 /* _ImageWriter_FreeImage.cpp in Sources */,
				93D7E7D317615DB10043D497 /* _ImageWriter_hack.cpp in Sources */,
				93D7E7D417615DB10043D497 /* _ImageWriter_QT.cpp in Sources */,
				93D7E7D517615DB10043D497 /* _MoviePlayer_libquicktime.cpp in Sources */,
				93D7E7D617615DB10043D497 /* _MoviePlayer_QT.cpp in Sources */,
			);
			runOnlyForDeploymentPostprocessing = 0;
		};
/* End PBXSourcesBuildPhase section */

/* Begin PBXVariantGroup section */
		02345980000FD03B11CA0E72 /* main.nib */ = {
			isa = PBXVariantGroup;
			children = (
				1870340FFE93FCAF11CA0CD7 /* English */,
			);
			name = main.nib;
			sourceTree = "<group>";
		};
		0867D6AAFE840B52C02AAC07 /* InfoPlist.strings */ = {
			isa = PBXVariantGroup;
			children = (
				0867D6ABFE840B52C02AAC07 /* English */,
			);
			name = InfoPlist.strings;
			sourceTree = "<group>";
		};
/* End PBXVariantGroup section */

/* Begin XCBuildConfiguration section */
		16D8EB1F0B8A76F500916EFD /* Debug */ = {
			isa = XCBuildConfiguration;
			buildSettings = {
				COPY_PHASE_STRIP = NO;
				FRAMEWORK_SEARCH_PATHS = (
					"$(inherited)",
					"$(FRAMEWORK_SEARCH_PATHS_QUOTED_1)",
					"$(FRAMEWORK_SEARCH_PATHS_QUOTED_2)",
				);
				FRAMEWORK_SEARCH_PATHS_QUOTED_1 = "\"/SDKs/uriVisionLib/SDK/Libraries/Mac OS\"";
				FRAMEWORK_SEARCH_PATHS_QUOTED_2 = "\"/SDKs/uriVisionLib/SDK/Libraries/Mac OS/Frameworks\"";
				GCC_DYNAMIC_NO_PIC = NO;
				GCC_ENABLE_FIX_AND_CONTINUE = YES;
				GCC_GENERATE_DEBUGGING_SYMBOLS = YES;
				GCC_MODEL_TUNING = G5;
				GCC_OPTIMIZATION_LEVEL = 0;
				GCC_PRECOMPILE_PREFIX_HEADER = YES;
				GCC_PREFIX_HEADER = Framework_QT_Prefix.pch;
				INFOPLIST_FILE = Info.plist;
				INSTALL_PATH = "$(HOME)/Applications";
				LIBRARY_SEARCH_PATHS = (
					"$(inherited)",
					/opt/local/lib,
				);
				OTHER_LDFLAGS = (
					"-framework",
					Carbon,
				);
				PREBINDING = NO;
				PRODUCT_NAME = "$(PROJECT_NAME) - $(TARGET_NAME) - $(CONFIGURATION)";
				WRAPPER_EXTENSION = app;
				ZERO_LINK = YES;
			};
			name = Debug;
		};
		16D8EB200B8A76F500916EFD /* Release */ = {
			isa = XCBuildConfiguration;
			buildSettings = {
				COPY_PHASE_STRIP = YES;
				FRAMEWORK_SEARCH_PATHS = (
					"$(inherited)",
					"$(FRAMEWORK_SEARCH_PATHS_QUOTED_1)",
					"$(FRAMEWORK_SEARCH_PATHS_QUOTED_2)",
				);
				FRAMEWORK_SEARCH_PATHS_QUOTED_1 = "\"/SDKs/uriVisionLib/SDK/Libraries/Mac OS\"";
				FRAMEWORK_SEARCH_PATHS_QUOTED_2 = "\"/SDKs/uriVisionLib/SDK/Libraries/Mac OS/Frameworks\"";
				GCC_ENABLE_FIX_AND_CONTINUE = NO;
				GCC_GENERATE_DEBUGGING_SYMBOLS = NO;
				GCC_MODEL_TUNING = G5;
				GCC_PRECOMPILE_PREFIX_HEADER = YES;
				GCC_PREFIX_HEADER = Framework_QT_Prefix.pch;
				INFOPLIST_FILE = Info.plist;
				INSTALL_PATH = "$(HOME)/Applications";
				LIBRARY_SEARCH_PATHS = (
					"$(inherited)",
					/opt/local/lib,
				);
				OTHER_LDFLAGS = (
					"-framework",
					Carbon,
				);
				PREBINDING = NO;
				PRODUCT_NAME = "$(PROJECT_NAME) - $(TARGET_NAME) - $(CONFIGURATION)";
				WRAPPER_EXTENSION = app;
				ZERO_LINK = NO;
			};
			name = Release;
		};
		16D8EB290B8A773E00916EFD /* Debug */ = {
			isa = XCBuildConfiguration;
			buildSettings = {
				ARCHS = "$(ARCHS_STANDARD_64_BIT)";
				COPY_PHASE_STRIP = NO;
				FRAMEWORK_SEARCH_PATHS = (
					"$(inherited)",
					"$(FRAMEWORK_SEARCH_PATHS_QUOTED_1)",
				);
				FRAMEWORK_SEARCH_PATHS_QUOTED_1 = "\"/SDKs/uriVisionLib/SDK/Libraries/Mac OS/Frameworks\"";
				GCC_DYNAMIC_NO_PIC = NO;
				GCC_ENABLE_FIX_AND_CONTINUE = YES;
				GCC_GENERATE_DEBUGGING_SYMBOLS = YES;
				GCC_MODEL_TUNING = G5;
				GCC_OPTIMIZATION_LEVEL = 0;
				GCC_PRECOMPILE_PREFIX_HEADER = YES;
				GCC_PREFIX_HEADER = Framework_generic_Prefix.pch;
				INFOPLIST_FILE = Info.plist;
				INSTALL_PATH = "$(HOME)/Applications";
				LIBRARY_SEARCH_PATHS = (
					"$(inherited)",
					/opt/local/lib,
				);
				OTHER_LDFLAGS = (
					"-framework",
					Carbon,
				);
				PREBINDING = NO;
				PRODUCT_NAME = "$(PROJECT_NAME) - $(TARGET_NAME) - $(CONFIGURATION)";
				VALID_ARCHS = x86_64;
				WRAPPER_EXTENSION = app;
				ZERO_LINK = YES;
			};
			name = Debug;
		};
		16D8EB2A0B8A773E00916EFD /* Release */ = {
			isa = XCBuildConfiguration;
			buildSettings = {
				ARCHS = "$(ARCHS_STANDARD_64_BIT)";
				COPY_PHASE_STRIP = YES;
				FRAMEWORK_SEARCH_PATHS = (
					"$(inherited)",
					"$(FRAMEWORK_SEARCH_PATHS_QUOTED_1)",
				);
				FRAMEWORK_SEARCH_PATHS_QUOTED_1 = "\"/SDKs/uriVisionLib/SDK/Libraries/Mac OS/Frameworks\"";
				GCC_ENABLE_FIX_AND_CONTINUE = NO;
				GCC_GENERATE_DEBUGGING_SYMBOLS = NO;
				GCC_MODEL_TUNING = G5;
				GCC_PRECOMPILE_PREFIX_HEADER = YES;
				GCC_PREFIX_HEADER = Framework_generic_Prefix.pch;
				INFOPLIST_FILE = Info.plist;
				INSTALL_PATH = "$(HOME)/Applications";
				LIBRARY_SEARCH_PATHS = (
					"$(inherited)",
					/opt/local/lib,
				);
				OTHER_LDFLAGS = (
					"-framework",
					Carbon,
				);
				PREBINDING = NO;
				PRODUCT_NAME = "$(PROJECT_NAME) - $(TARGET_NAME) - $(CONFIGURATION)";
				VALID_ARCHS = x86_64;
				WRAPPER_EXTENSION = app;
				ZERO_LINK = NO;
			};
			name = Release;
		};
		16DBAF600B7CFF050027A882 /* Debug */ = {
			isa = XCBuildConfiguration;
			buildSettings = {
				ARCHS = "$(ARCHS_STANDARD_64_BIT)";
				COPY_PHASE_STRIP = NO;
				GCC_DYNAMIC_NO_PIC = NO;
				GCC_ENABLE_FIX_AND_CONTINUE = YES;
				GCC_GENERATE_DEBUGGING_SYMBOLS = YES;
				GCC_MODEL_TUNING = G5;
				GCC_OPTIMIZATION_LEVEL = 0;
				GCC_PRECOMPILE_PREFIX_HEADER = YES;
				GCC_PREFIX_HEADER = Source_generic_Prefix.pch;
				INFOPLIST_FILE = Info.plist;
				INSTALL_PATH = "$(HOME)/Applications";
				LIBRARY_SEARCH_PATHS = (
					"$(inherited)",
					/opt/local/lib,
				);
				OTHER_LDFLAGS = (
					"-framework",
					Carbon,
				);
				PREBINDING = NO;
				PRODUCT_NAME = "$(PROJECT_NAME) - $(TARGET_NAME) - $(CONFIGURATION)";
				VALID_ARCHS = x86_64;
				WRAPPER_EXTENSION = app;
				ZERO_LINK = YES;
			};
			name = Debug;
		};
		16DBAF610B7CFF050027A882 /* Release */ = {
			isa = XCBuildConfiguration;
			buildSettings = {
				ARCHS = "$(ARCHS_STANDARD_64_BIT)";
				COPY_PHASE_STRIP = YES;
				GCC_ENABLE_FIX_AND_CONTINUE = NO;
				GCC_GENERATE_DEBUGGING_SYMBOLS = NO;
				GCC_MODEL_TUNING = G5;
				GCC_PRECOMPILE_PREFIX_HEADER = YES;
				GCC_PREFIX_HEADER = Source_generic_Prefix.pch;
				INFOPLIST_FILE = Info.plist;
				INSTALL_PATH = "$(HOME)/Applications";
				LIBRARY_SEARCH_PATHS = (
					"$(inherited)",
					/opt/local/lib,
				);
				OTHER_LDFLAGS = (
					"-framework",
					Carbon,
				);
				PREBINDING = NO;
				PRODUCT_NAME = "$(PROJECT_NAME) - $(TARGET_NAME) - $(CONFIGURATION)";
				VALID_ARCHS = x86_64;
				WRAPPER_EXTENSION = app;
				ZERO_LINK = NO;
			};
			name = Release;
		};
		C0E91AC608A95435008D54AB /* Debug */ = {
			isa = XCBuildConfiguration;
			baseConfigurationReference = 5048396E09E3307300765E4B /* uriVL Demo Target.xcconfig */;
			buildSettings = {
				COPY_PHASE_STRIP = NO;
				FRAMEWORK_SEARCH_PATHS = (
					"$(inherited)",
					"$(FRAMEWORK_SEARCH_PATHS_QUOTED_1)",
				);
				GCC_PREFIX_HEADER = Source_QT_Prefix.pch;
				LIBRARY_SEARCH_PATHS = (
					"$(inherited)",
					/opt/local/lib,
				);
				PRODUCT_NAME = "$(PROJECT_NAME) - $(TARGET_NAME) - $(CONFIGURATION)";
				ZERO_LINK = NO;
			};
			name = Debug;
		};
		C0E91AC708A95435008D54AB /* Release */ = {
			isa = XCBuildConfiguration;
			baseConfigurationReference = 5048396E09E3307300765E4B /* uriVL Demo Target.xcconfig */;
			buildSettings = {
				DEAD_CODE_STRIPPING = YES;
				FRAMEWORK_SEARCH_PATHS = (
					"$(inherited)",
					"$(FRAMEWORK_SEARCH_PATHS_QUOTED_1)",
				);
				FRAMEWORK_SEARCH_PATHS_QUOTED_1 = "\"$(SYSTEM_DEVELOPER_DIR)/SDKs/MacOSX10.4u.sdk/System/Library/Frameworks\"";
				INSTALL_PATH = "$(HOME)/Applications";
				LIBRARY_SEARCH_PATHS = (
					"$(inherited)",
					/opt/local/lib,
				);
				PRESERVE_DEAD_CODE_INITS_AND_TERMS = YES;
				PRODUCT_NAME = "$(PROJECT_NAME) - $(TARGET_NAME) - $(CONFIGURATION)";
			};
			name = Release;
		};
		C0E91ACA08A95435008D54AB /* Debug */ = {
			isa = XCBuildConfiguration;
			baseConfigurationReference = 5048396D09E3307300765E4B /* uriVL Demo Proj.xcconfig */;
			buildSettings = {
				ARCHS = "$(NATIVE_ARCH)";
				DEBUG_INFORMATION_FORMAT = dwarf;
				GCC_ENABLE_FIX_AND_CONTINUE = YES;
				GCC_OPTIMIZATION_LEVEL = 0;
				GCC_VERSION = "";
				HEADER_SEARCH_PATHS = (
					"$uriVisionLib/**",
					$macports/include,
				);
				LIBRARY_SEARCH_PATHS = $macports/lib;
				SDKROOT = macosx10.6;
				ZERO_LINK = YES;
			};
			name = Debug;
		};
		C0E91ACB08A95435008D54AB /* Release */ = {
			isa = XCBuildConfiguration;
			baseConfigurationReference = 5048396D09E3307300765E4B /* uriVL Demo Proj.xcconfig */;
			buildSettings = {
				ARCHS = "$(NATIVE_ARCH)";
				DEBUG_INFORMATION_FORMAT = "dwarf-with-dsym";
				GCC_VERSION = "";
				HEADER_SEARCH_PATHS = (
					"$uriVisionLib/**",
					$macports/include,
				);
				LIBRARY_SEARCH_PATHS = $macports/lib;
				SDKROOT = macosx10.6;
				SEPARATE_STRIP = YES;
			};
			name = Release;
		};
/* End XCBuildConfiguration section */

/* Begin XCConfigurationList section */
		16D8EB1E0B8A76F500916EFD /* Build configuration list for PBXNativeTarget "Framework - QT" */ = {
			isa = XCConfigurationList;
			buildConfigurations = (
				16D8EB1F0B8A76F500916EFD /* Debug */,
				16D8EB200B8A76F500916EFD /* Release */,
			);
			defaultConfigurationIsVisible = 0;
			defaultConfigurationName = Release;
		};
		16D8EB280B8A773E00916EFD /* Build configuration list for PBXNativeTarget "Framework - generic" */ = {
			isa = XCConfigurationList;
			buildConfigurations = (
				16D8EB290B8A773E00916EFD /* Debug */,
				16D8EB2A0B8A773E00916EFD /* Release */,
			);
			defaultConfigurationIsVisible = 0;
			defaultConfigurationName = Release;
		};
		16DBAF5F0B7CFF050027A882 /* Build configuration list for PBXNativeTarget "Source - generic" */ = {
			isa = XCConfigurationList;
			buildConfigurations = (
				16DBAF600B7CFF050027A882 /* Debug */,
				16DBAF610B7CFF050027A882 /* Release */,
			);
			defaultConfigurationIsVisible = 0;
			defaultConfigurationName = Release;
		};
		C0E91AC508A95435008D54AB /* Build configuration list for PBXNativeTarget "Source - QT" */ = {
			isa = XCConfigurationList;
			buildConfigurations = (
				C0E91AC608A95435008D54AB /* Debug */,
				C0E91AC708A95435008D54AB /* Release */,
			);
			defaultConfigurationIsVisible = 0;
			defaultConfigurationName = Release;
		};
		C0E91AC908A95435008D54AB /* Build configuration list for PBXProject "Stereo Disparity Viewer" */ = {
			isa = XCConfigurationList;
			buildConfigurations = (
				C0E91ACA08A95435008D54AB /* Debug */,
				C0E91ACB08A95435008D54AB /* Release */,
			);
			defaultConfigurationIsVisible = 0;
			defaultConfigurationName = Release;
		};
/* End XCConfigurationList section */
	};
	rootObject = 20286C28FDCF999611CA2CEA /* Project object */;
}
